
Microsoft Visual Studio Solution File, Format Version 12.00
# Visual Studio Version 17
VisualStudioVersion = 17.2.32616.157
MinimumVisualStudioVersion = 10.0.40219.1
Project("{2150E333-8FDC-42A3-9474-1A3956D46DE8}") = "Open", "Open", "{77C70B84-7F0C-4B68-A201-AF182B4807C3}"
EndProject
Project("{9A19103F-16F7-4668-BE54-9A1E7A4F7556}") = "OSS.Core.Module.Pipeline.Domain.Open", "Open\OSS.Core.Module.Pipeline.Domain.Open\OSS.Core.Module.Pipeline.Domain.Open.csproj", "{C55C3B1F-066E-414D-8528-4065E8AD0026}"
EndProject
Project("{9A19103F-16F7-4668-BE54-9A1E7A4F7556}") = "OSS.Core.Module.Pipeline.Service.Open", "Open\OSS.Core.Module.Pipeline.Service.Open\OSS.Core.Module.Pipeline.Service.Open.csproj", "{9DF8C5E2-EB34-4E4B-BFD0-134055CD1551}"
EndProject
Project("{9A19103F-16F7-4668-BE54-9A1E7A4F7556}") = "OSS.Core.Module.Pipeline.Client.Http", "Open\OSS.Core.Module.Pipeline.Client.Http\OSS.Core.Module.Pipeline.Client.Http.csproj", "{C29484BA-F77C-4A0B-A404-F6DF114FD8DD}"
EndProject
Project("{9A19103F-16F7-4668-BE54-9A1E7A4F7556}") = "OSS.Core.Module.Pipeline.Domain", "OSS.Core.Module.Pipeline.Domain\OSS.Core.Module.Pipeline.Domain.csproj", "{B0207D52-7281-40B6-9EDA-16258648E99C}"
EndProject
Project("{9A19103F-16F7-4668-BE54-9A1E7A4F7556}") = "OSS.Core.Module.Pipeline.Service", "OSS.Core.Module.Pipeline.Service\OSS.Core.Module.Pipeline.Service.csproj", "{6A5CEEF9-E1C0-4A59-BD6C-D7B86646B8B9}"
EndProject
Project("{9A19103F-16F7-4668-BE54-9A1E7A4F7556}") = "OSS.Core.Module.Pipeline.WebApi", "OSS.Core.Module.Pipeline.WebApi\OSS.Core.Module.Pipeline.WebApi.csproj", "{73B6D5DE-C647-4E2F-B3C2-AFC36F4B84E3}"
EndProject
Global
	GlobalSection(SolutionConfigurationPlatforms) = preSolution
		Debug|Any CPU = Debug|Any CPU
		Release|Any CPU = Release|Any CPU
	EndGlobalSection
	GlobalSection(ProjectConfigurationPlatforms) = postSolution
		{C55C3B1F-066E-414D-8528-4065E8AD0026}.Debug|Any CPU.ActiveCfg = Debug|Any CPU
		{C55C3B1F-066E-414D-8528-4065E8AD0026}.Debug|Any CPU.Build.0 = Debug|Any CPU
		{C55C3B1F-066E-414D-8528-4065E8AD0026}.Release|Any CPU.ActiveCfg = Release|Any CPU
		{C55C3B1F-066E-414D-8528-4065E8AD0026}.Release|Any CPU.Build.0 = Release|Any CPU
		{9DF8C5E2-EB34-4E4B-BFD0-134055CD1551}.Debug|Any CPU.ActiveCfg = Debug|Any CPU
		{9DF8C5E2-EB34-4E4B-BFD0-134055CD1551}.Debug|Any CPU.Build.0 = Debug|Any CPU
		{9DF8C5E2-EB34-4E4B-BFD0-134055CD1551}.Release|Any CPU.ActiveCfg = Release|Any CPU
		{9DF8C5E2-EB34-4E4B-BFD0-134055CD1551}.Release|Any CPU.Build.0 = Release|Any CPU
		{C29484BA-F77C-4A0B-A404-F6DF114FD8DD}.Debug|Any CPU.ActiveCfg = Debug|Any CPU
		{C29484BA-F77C-4A0B-A404-F6DF114FD8DD}.Debug|Any CPU.Build.0 = Debug|Any CPU
		{C29484BA-F77C-4A0B-A404-F6DF114FD8DD}.Release|Any CPU.ActiveCfg = Release|Any CPU
		{C29484BA-F77C-4A0B-A404-F6DF114FD8DD}.Release|Any CPU.Build.0 = Release|Any CPU
		{B0207D52-7281-40B6-9EDA-16258648E99C}.Debug|Any CPU.ActiveCfg = Debug|Any CPU
		{B0207D52-7281-40B6-9EDA-16258648E99C}.Debug|Any CPU.Build.0 = Debug|Any CPU
		{B0207D52-7281-40B6-9EDA-16258648E99C}.Release|Any CPU.ActiveCfg = Release|Any CPU
		{B0207D52-7281-40B6-9EDA-16258648E99C}.Release|Any CPU.Build.0 = Release|Any CPU
		{6A5CEEF9-E1C0-4A59-BD6C-D7B86646B8B9}.Debug|Any CPU.ActiveCfg = Debug|Any CPU
		{6A5CEEF9-E1C0-4A59-BD6C-D7B86646B8B9}.Debug|Any CPU.Build.0 = Debug|Any CPU
		{6A5CEEF9-E1C0-4A59-BD6C-D7B86646B8B9}.Release|Any CPU.ActiveCfg = Release|Any CPU
		{6A5CEEF9-E1C0-4A59-BD6C-D7B86646B8B9}.Release|Any CPU.Build.0 = Release|Any CPU
		{73B6D5DE-C647-4E2F-B3C2-AFC36F4B84E3}.Debug|Any CPU.ActiveCfg = Debug|Any CPU
		{73B6D5DE-C647-4E2F-B3C2-AFC36F4B84E3}.Debug|Any CPU.Build.0 = Debug|Any CPU
		{73B6D5DE-C647-4E2F-B3C2-AFC36F4B84E3}.Release|Any CPU.ActiveCfg = Release|Any CPU
		{73B6D5DE-C647-4E2F-B3C2-AFC36F4B84E3}.Release|Any CPU.Build.0 = Release|Any CPU
	EndGlobalSection
	GlobalSection(SolutionProperties) = preSolution
		HideSolutionNode = FALSE
	EndGlobalSection
	GlobalSection(NestedProjects) = preSolution
		{C55C3B1F-066E-414D-8528-4065E8AD0026} = {77C70B84-7F0C-4B68-A201-AF182B4807C3}
		{9DF8C5E2-EB34-4E4B-BFD0-134055CD1551} = {77C70B84-7F0C-4B68-A201-AF182B4807C3}
		{C29484BA-F77C-4A0B-A404-F6DF114FD8DD} = {77C70B84-7F0C-4B68-A201-AF182B4807C3}
	EndGlobalSection
	GlobalSection(ExtensibilityGlobals) = postSolution
		SolutionGuid = {163E14DD-E389-4C27-90D4-438C58DB327C}
	EndGlobalSection
EndGlobal
