
Microsoft Visual Studio Solution File, Format Version 12.00
# Visual Studio Version 16
VisualStudioVersion = 16.0.29326.143
MinimumVisualStudioVersion = 10.0.40219.1
Project("{2150E333-8FDC-42A3-9474-1A3956D46DE8}") = "04.Tests", "04.Tests", "{5866E103-FFB4-4428-A631-41FEC0032619}"
EndProject
Project("{2150E333-8FDC-42A3-9474-1A3956D46DE8}") = "03.ServiceApis", "03.ServiceApis", "{9ECC2ABB-E495-4B30-9692-855035345985}"
EndProject
Project("{2150E333-8FDC-42A3-9474-1A3956D46DE8}") = "00.Docment", "00.Docment", "{F89ADEB3-FD68-44DE-BBBC-5A93EF223819}"
	ProjectSection(SolutionItems) = preProject
		Docs\InitialDataBase.txt = Docs\InitialDataBase.txt
		Docs\TestDataSql.txt = Docs\TestDataSql.txt
	EndProjectSection
EndProject
Project("{2150E333-8FDC-42A3-9474-1A3956D46DE8}") = "01.Common", "01.Common", "{8E6EEA84-E903-48CE-9BF3-CED500F2814C}"
EndProject
Project("{9A19103F-16F7-4668-BE54-9A1E7A4F7556}") = "OSS.Core.Context", "Common\OSS.Core.Context\OSS.Core.Context.csproj", "{BCC64E39-18D8-4996-8F07-7CF8EA5F4EF3}"
EndProject
Project("{9A19103F-16F7-4668-BE54-9A1E7A4F7556}") = "OSS.Core.Infrastructure", "Common\OSS.Core.Infrastructure\OSS.Core.Infrastructure\OSS.Core.Infrastructure.csproj", "{E4965CAF-183C-4EFD-A78A-45EDB65C8E73}"
EndProject
Project("{2150E333-8FDC-42A3-9474-1A3956D46DE8}") = "OSS.Core.Infrastructure", "OSS.Core.Infrastructure", "{B0707253-DDD8-468E-90E9-2359364F177A}"
EndProject
Project("{9A19103F-16F7-4668-BE54-9A1E7A4F7556}") = "OSS.Core.Infrastructure.Web", "Common\OSS.Core.Infrastructure\OSS.Core.Infrastructure.Web\OSS.Core.Infrastructure.Web.csproj", "{963F5038-57A3-484C-BD99-F77A9F9D43E1}"
EndProject
Project("{2150E333-8FDC-42A3-9474-1A3956D46DE8}") = "OSS.Core.Context", "OSS.Core.Context", "{0CB5820B-0700-40A0-B81D-659CB07579AC}"
EndProject
Project("{9A19103F-16F7-4668-BE54-9A1E7A4F7556}") = "OSS.Core.RepDapper", "Apis\OSS.Core.RepDapper\OSS.Core.RepDapper.csproj", "{80C490E6-0E0D-43CF-B60D-B49B33B7AAD8}"
EndProject
Project("{9A19103F-16F7-4668-BE54-9A1E7A4F7556}") = "OSS.Core.Services", "Apis\OSS.Core.Services\OSS.Core.Services.csproj", "{2077AD6F-3C18-4A66-9179-4F7EA6D50FAB}"
EndProject
Project("{9A19103F-16F7-4668-BE54-9A1E7A4F7556}") = "OSS.Core.WebApi", "Apis\OSS.Core.WebApi\OSS.Core.WebApi.csproj", "{5CF30C41-5127-41CC-B3B1-F5D619466260}"
EndProject
Project("{9A19103F-16F7-4668-BE54-9A1E7A4F7556}") = "OSS.Core.Tests", "Tests\OSS.Core.Tests\OSS.Core.Tests.csproj", "{AC96AECE-E514-4A16-B2E1-681153389DBE}"
EndProject
Global
	GlobalSection(SolutionConfigurationPlatforms) = preSolution
		Debug|Any CPU = Debug|Any CPU
		Release|Any CPU = Release|Any CPU
	EndGlobalSection
	GlobalSection(ProjectConfigurationPlatforms) = postSolution
		{BCC64E39-18D8-4996-8F07-7CF8EA5F4EF3}.Debug|Any CPU.ActiveCfg = Release|Any CPU
		{BCC64E39-18D8-4996-8F07-7CF8EA5F4EF3}.Debug|Any CPU.Build.0 = Release|Any CPU
		{BCC64E39-18D8-4996-8F07-7CF8EA5F4EF3}.Release|Any CPU.ActiveCfg = Release|Any CPU
		{BCC64E39-18D8-4996-8F07-7CF8EA5F4EF3}.Release|Any CPU.Build.0 = Release|Any CPU
		{E4965CAF-183C-4EFD-A78A-45EDB65C8E73}.Debug|Any CPU.ActiveCfg = Release|Any CPU
		{E4965CAF-183C-4EFD-A78A-45EDB65C8E73}.Debug|Any CPU.Build.0 = Release|Any CPU
		{E4965CAF-183C-4EFD-A78A-45EDB65C8E73}.Release|Any CPU.ActiveCfg = Release|Any CPU
		{E4965CAF-183C-4EFD-A78A-45EDB65C8E73}.Release|Any CPU.Build.0 = Release|Any CPU
		{963F5038-57A3-484C-BD99-F77A9F9D43E1}.Debug|Any CPU.ActiveCfg = Release|Any CPU
		{963F5038-57A3-484C-BD99-F77A9F9D43E1}.Debug|Any CPU.Build.0 = Release|Any CPU
		{963F5038-57A3-484C-BD99-F77A9F9D43E1}.Release|Any CPU.ActiveCfg = Release|Any CPU
		{963F5038-57A3-484C-BD99-F77A9F9D43E1}.Release|Any CPU.Build.0 = Release|Any CPU
		{80C490E6-0E0D-43CF-B60D-B49B33B7AAD8}.Debug|Any CPU.ActiveCfg = Debug|Any CPU
		{80C490E6-0E0D-43CF-B60D-B49B33B7AAD8}.Debug|Any CPU.Build.0 = Debug|Any CPU
		{80C490E6-0E0D-43CF-B60D-B49B33B7AAD8}.Release|Any CPU.ActiveCfg = Release|Any CPU
		{80C490E6-0E0D-43CF-B60D-B49B33B7AAD8}.Release|Any CPU.Build.0 = Release|Any CPU
		{2077AD6F-3C18-4A66-9179-4F7EA6D50FAB}.Debug|Any CPU.ActiveCfg = Debug|Any CPU
		{2077AD6F-3C18-4A66-9179-4F7EA6D50FAB}.Debug|Any CPU.Build.0 = Debug|Any CPU
		{2077AD6F-3C18-4A66-9179-4F7EA6D50FAB}.Release|Any CPU.ActiveCfg = Release|Any CPU
		{2077AD6F-3C18-4A66-9179-4F7EA6D50FAB}.Release|Any CPU.Build.0 = Release|Any CPU
		{5CF30C41-5127-41CC-B3B1-F5D619466260}.Debug|Any CPU.ActiveCfg = Debug|Any CPU
		{5CF30C41-5127-41CC-B3B1-F5D619466260}.Debug|Any CPU.Build.0 = Debug|Any CPU
		{5CF30C41-5127-41CC-B3B1-F5D619466260}.Release|Any CPU.ActiveCfg = Release|Any CPU
		{5CF30C41-5127-41CC-B3B1-F5D619466260}.Release|Any CPU.Build.0 = Release|Any CPU
		{AC96AECE-E514-4A16-B2E1-681153389DBE}.Debug|Any CPU.ActiveCfg = Debug|Any CPU
		{AC96AECE-E514-4A16-B2E1-681153389DBE}.Debug|Any CPU.Build.0 = Debug|Any CPU
		{AC96AECE-E514-4A16-B2E1-681153389DBE}.Release|Any CPU.ActiveCfg = Release|Any CPU
		{AC96AECE-E514-4A16-B2E1-681153389DBE}.Release|Any CPU.Build.0 = Release|Any CPU
	EndGlobalSection
	GlobalSection(SolutionProperties) = preSolution
		HideSolutionNode = FALSE
	EndGlobalSection
	GlobalSection(NestedProjects) = preSolution
		{BCC64E39-18D8-4996-8F07-7CF8EA5F4EF3} = {0CB5820B-0700-40A0-B81D-659CB07579AC}
		{E4965CAF-183C-4EFD-A78A-45EDB65C8E73} = {B0707253-DDD8-468E-90E9-2359364F177A}
		{B0707253-DDD8-468E-90E9-2359364F177A} = {8E6EEA84-E903-48CE-9BF3-CED500F2814C}
		{963F5038-57A3-484C-BD99-F77A9F9D43E1} = {B0707253-DDD8-468E-90E9-2359364F177A}
		{0CB5820B-0700-40A0-B81D-659CB07579AC} = {8E6EEA84-E903-48CE-9BF3-CED500F2814C}
		{80C490E6-0E0D-43CF-B60D-B49B33B7AAD8} = {9ECC2ABB-E495-4B30-9692-855035345985}
		{2077AD6F-3C18-4A66-9179-4F7EA6D50FAB} = {9ECC2ABB-E495-4B30-9692-855035345985}
		{5CF30C41-5127-41CC-B3B1-F5D619466260} = {9ECC2ABB-E495-4B30-9692-855035345985}
		{AC96AECE-E514-4A16-B2E1-681153389DBE} = {5866E103-FFB4-4428-A631-41FEC0032619}
	EndGlobalSection
	GlobalSection(ExtensibilityGlobals) = postSolution
		SolutionGuid = {E356687B-12E0-4C93-8CC3-723939BA2395}
	EndGlobalSection
EndGlobal
