
Microsoft Visual Studio Solution File, Format Version 12.00
# Visual Studio 15
VisualStudioVersion = 15.0.26730.16
MinimumVisualStudioVersion = 10.0.40219.1
Project("{2150E333-8FDC-42A3-9474-1A3956D46DE8}") = "Layers", "Layers", "{A13B8E92-E476-47FC-9DB2-39A43F82453D}"
EndProject
Project("{2150E333-8FDC-42A3-9474-1A3956D46DE8}") = "Plugs", "Plugs", "{72740AB8-4577-4939-B291-C3CC535EE97A}"
EndProject
Project("{2150E333-8FDC-42A3-9474-1A3956D46DE8}") = "FrontEnds", "FrontEnds", "{A3DAF107-37B6-40E1-8781-8A7E2DC5C398}"
EndProject
Project("{9A19103F-16F7-4668-BE54-9A1E7A4F7556}") = "OSS.Core.Services", "Layers\OSS.Core.Services\OSS.Core.Services.csproj", "{E82F5A2D-4664-43BE-A859-8523A853F241}"
EndProject
Project("{2150E333-8FDC-42A3-9474-1A3956D46DE8}") = "Tests", "Tests", "{C50B3412-5812-44DE-BB78-B2256411EAE0}"
EndProject
Project("{9A19103F-16F7-4668-BE54-9A1E7A4F7556}") = "OSS.Core.RepTests", "Tests\OSS.Core.RepTests\OSS.Core.RepTests.csproj", "{577C9F62-A387-4280-8AA9-BB914B7A3400}"
EndProject
Project("{2150E333-8FDC-42A3-9474-1A3956D46DE8}") = "Solution Items", "Solution Items", "{D2C9ECE7-02D3-47B5-8A87-3B01D2775A39}"
	ProjectSection(SolutionItems) = preProject
		LICENSE = LICENSE
		README.md = README.md
	EndProjectSection
EndProject
Project("{9A19103F-16F7-4668-BE54-9A1E7A4F7556}") = "OSS.Core.RepDapper", "Layers\OSS.Core.RepDapper\OSS.Core.RepDapper.csproj", "{0C5A988D-8773-4D06-B88E-70C20FC9F6FB}"
EndProject
Project("{2150E333-8FDC-42A3-9474-1A3956D46DE8}") = "Infrastructure", "Infrastructure", "{3E4A8F6E-308C-47E9-B865-A83AB49573FA}"
EndProject
Project("{9A19103F-16F7-4668-BE54-9A1E7A4F7556}") = "OSS.Core.Infrastructure", "Infrastructure\OSS.Core.Infrastructure\OSS.Core.Infrastructure.csproj", "{5998774F-61FB-45A5-B796-B602FA3E7C61}"
EndProject
Project("{9A19103F-16F7-4668-BE54-9A1E7A4F7556}") = "OSS.CachePlug.StackRedis", "Plugs\OSS.CachePlug.StackRedis\OSS.CachePlug.StackRedis.csproj", "{AC617DDE-EC2F-4714-8222-0AAE9AF89801}"
EndProject
Project("{9A19103F-16F7-4668-BE54-9A1E7A4F7556}") = "OSS.Core.Domains", "Layers\OSS.Core.Domains\OSS.Core.Domains.csproj", "{63C94659-6D75-4CE4-A1C8-AE760A352B5C}"
EndProject
Project("{9A19103F-16F7-4668-BE54-9A1E7A4F7556}") = "OSS.Core.WebApi", "Layers\OSS.Core.WebApi\OSS.Core.WebApi.csproj", "{BC79A0C2-E6D2-41BC-BDD7-41E8C3EFF901}"
EndProject
Project("{9A19103F-16F7-4668-BE54-9A1E7A4F7556}") = "OSS.Core.WebSite", "FrontEnds\OSS.Core.WebSite\OSS.Core.WebSite.csproj", "{069E07B3-E2B0-4E02-B747-FDA1728A7AB0}"
EndProject
Global
	GlobalSection(SolutionConfigurationPlatforms) = preSolution
		Debug|Any CPU = Debug|Any CPU
		Release|Any CPU = Release|Any CPU
	EndGlobalSection
	GlobalSection(ProjectConfigurationPlatforms) = postSolution
		{E82F5A2D-4664-43BE-A859-8523A853F241}.Debug|Any CPU.ActiveCfg = Debug|Any CPU
		{E82F5A2D-4664-43BE-A859-8523A853F241}.Debug|Any CPU.Build.0 = Debug|Any CPU
		{E82F5A2D-4664-43BE-A859-8523A853F241}.Release|Any CPU.ActiveCfg = Release|Any CPU
		{E82F5A2D-4664-43BE-A859-8523A853F241}.Release|Any CPU.Build.0 = Release|Any CPU
		{577C9F62-A387-4280-8AA9-BB914B7A3400}.Debug|Any CPU.ActiveCfg = Debug|Any CPU
		{577C9F62-A387-4280-8AA9-BB914B7A3400}.Debug|Any CPU.Build.0 = Debug|Any CPU
		{577C9F62-A387-4280-8AA9-BB914B7A3400}.Release|Any CPU.ActiveCfg = Release|Any CPU
		{577C9F62-A387-4280-8AA9-BB914B7A3400}.Release|Any CPU.Build.0 = Release|Any CPU
		{0C5A988D-8773-4D06-B88E-70C20FC9F6FB}.Debug|Any CPU.ActiveCfg = Debug|Any CPU
		{0C5A988D-8773-4D06-B88E-70C20FC9F6FB}.Debug|Any CPU.Build.0 = Debug|Any CPU
		{0C5A988D-8773-4D06-B88E-70C20FC9F6FB}.Release|Any CPU.ActiveCfg = Release|Any CPU
		{0C5A988D-8773-4D06-B88E-70C20FC9F6FB}.Release|Any CPU.Build.0 = Release|Any CPU
		{5998774F-61FB-45A5-B796-B602FA3E7C61}.Debug|Any CPU.ActiveCfg = Debug|Any CPU
		{5998774F-61FB-45A5-B796-B602FA3E7C61}.Debug|Any CPU.Build.0 = Debug|Any CPU
		{5998774F-61FB-45A5-B796-B602FA3E7C61}.Release|Any CPU.ActiveCfg = Release|Any CPU
		{5998774F-61FB-45A5-B796-B602FA3E7C61}.Release|Any CPU.Build.0 = Release|Any CPU
		{AC617DDE-EC2F-4714-8222-0AAE9AF89801}.Debug|Any CPU.ActiveCfg = Debug|Any CPU
		{AC617DDE-EC2F-4714-8222-0AAE9AF89801}.Debug|Any CPU.Build.0 = Debug|Any CPU
		{AC617DDE-EC2F-4714-8222-0AAE9AF89801}.Release|Any CPU.ActiveCfg = Release|Any CPU
		{AC617DDE-EC2F-4714-8222-0AAE9AF89801}.Release|Any CPU.Build.0 = Release|Any CPU
		{63C94659-6D75-4CE4-A1C8-AE760A352B5C}.Debug|Any CPU.ActiveCfg = Debug|Any CPU
		{63C94659-6D75-4CE4-A1C8-AE760A352B5C}.Debug|Any CPU.Build.0 = Debug|Any CPU
		{63C94659-6D75-4CE4-A1C8-AE760A352B5C}.Release|Any CPU.ActiveCfg = Release|Any CPU
		{63C94659-6D75-4CE4-A1C8-AE760A352B5C}.Release|Any CPU.Build.0 = Release|Any CPU
		{BC79A0C2-E6D2-41BC-BDD7-41E8C3EFF901}.Debug|Any CPU.ActiveCfg = Debug|Any CPU
		{BC79A0C2-E6D2-41BC-BDD7-41E8C3EFF901}.Debug|Any CPU.Build.0 = Debug|Any CPU
		{BC79A0C2-E6D2-41BC-BDD7-41E8C3EFF901}.Release|Any CPU.ActiveCfg = Release|Any CPU
		{BC79A0C2-E6D2-41BC-BDD7-41E8C3EFF901}.Release|Any CPU.Build.0 = Release|Any CPU
		{069E07B3-E2B0-4E02-B747-FDA1728A7AB0}.Debug|Any CPU.ActiveCfg = Debug|Any CPU
		{069E07B3-E2B0-4E02-B747-FDA1728A7AB0}.Debug|Any CPU.Build.0 = Debug|Any CPU
		{069E07B3-E2B0-4E02-B747-FDA1728A7AB0}.Release|Any CPU.ActiveCfg = Release|Any CPU
		{069E07B3-E2B0-4E02-B747-FDA1728A7AB0}.Release|Any CPU.Build.0 = Release|Any CPU
	EndGlobalSection
	GlobalSection(SolutionProperties) = preSolution
		HideSolutionNode = FALSE
	EndGlobalSection
	GlobalSection(NestedProjects) = preSolution
		{E82F5A2D-4664-43BE-A859-8523A853F241} = {A13B8E92-E476-47FC-9DB2-39A43F82453D}
		{577C9F62-A387-4280-8AA9-BB914B7A3400} = {C50B3412-5812-44DE-BB78-B2256411EAE0}
		{0C5A988D-8773-4D06-B88E-70C20FC9F6FB} = {A13B8E92-E476-47FC-9DB2-39A43F82453D}
		{5998774F-61FB-45A5-B796-B602FA3E7C61} = {3E4A8F6E-308C-47E9-B865-A83AB49573FA}
		{AC617DDE-EC2F-4714-8222-0AAE9AF89801} = {72740AB8-4577-4939-B291-C3CC535EE97A}
		{63C94659-6D75-4CE4-A1C8-AE760A352B5C} = {A13B8E92-E476-47FC-9DB2-39A43F82453D}
		{BC79A0C2-E6D2-41BC-BDD7-41E8C3EFF901} = {A13B8E92-E476-47FC-9DB2-39A43F82453D}
		{069E07B3-E2B0-4E02-B747-FDA1728A7AB0} = {A3DAF107-37B6-40E1-8781-8A7E2DC5C398}
	EndGlobalSection
	GlobalSection(ExtensibilityGlobals) = postSolution
		SolutionGuid = {0C46C145-3B4A-42FB-9E9A-F7B1E4A973E3}
	EndGlobalSection
EndGlobal
