
Microsoft Visual Studio Solution File, Format Version 12.00
# Visual Studio Version 17
VisualStudioVersion = 17.2.32519.379
MinimumVisualStudioVersion = 10.0.40219.1
Project("{2150E333-8FDC-42A3-9474-1A3956D46DE8}") = "1.Framework", "1.Framework", "{EAA3B83B-3AAB-40D6-A652-307DB94A5C2A}"
EndProject
Project("{2150E333-8FDC-42A3-9474-1A3956D46DE8}") = "2.Modules", "2.Modules", "{BAAC3891-307A-415E-A884-E82C6F779BE9}"
EndProject
Project("{2150E333-8FDC-42A3-9474-1A3956D46DE8}") = "0.Context", "0.Context", "{FE62127D-648B-4E25-BA2C-806EF23217B8}"
EndProject
Project("{2150E333-8FDC-42A3-9474-1A3956D46DE8}") = "2.Core", "2.Core", "{3BDEC2D3-2D4E-4480-A978-0676558389B1}"
EndProject
Project("{2150E333-8FDC-42A3-9474-1A3956D46DE8}") = "1.Extension", "1.Extension", "{C9205A0F-0B18-439B-82A7-26351EC26968}"
EndProject
Project("{9A19103F-16F7-4668-BE54-9A1E7A4F7556}") = "OSS.Core.Context", "Framework\Context\OSS.Core.Context\OSS.Core.Context.csproj", "{1C194C34-59D5-47C7-B724-AFFE59378F92}"
EndProject
Project("{9A19103F-16F7-4668-BE54-9A1E7A4F7556}") = "OSS.Core.Context.Attributes", "Framework\Context\OSS.Core.Context.Attributes\OSS.Core.Context.Attributes.csproj", "{91C12A1E-5133-4EE2-B71C-961A484C34DC}"
EndProject
Project("{2150E333-8FDC-42A3-9474-1A3956D46DE8}") = "Opened", "Opened", "{D753B7BF-6CE2-40B1-98A0-B2182F823E98}"
EndProject
Project("{9A19103F-16F7-4668-BE54-9A1E7A4F7556}") = "OSS.Core.Extension.Cache", "Framework\Extension\OSS.Core.Extension.Cache\OSS.Core.Extension.Cache.csproj", "{57C4739D-9A91-4E95-B679-4F4696FB1817}"
EndProject
Project("{9A19103F-16F7-4668-BE54-9A1E7A4F7556}") = "OSS.Core.Extension.PassToken", "Framework\Extension\OSS.Core.Extension.PassToken\OSS.Core.Extension.PassToken.csproj", "{732064E3-CE6B-4BE9-8CF4-34966E845B2E}"
EndProject
Project("{9A19103F-16F7-4668-BE54-9A1E7A4F7556}") = "OSS.Core.Domain", "Framework\Core\OSS.Core.Domain\OSS.Core.Domain.csproj", "{6E7AC6F9-5CE2-47CF-99C8-FA8ED771D7AD}"
EndProject
Project("{9A19103F-16F7-4668-BE54-9A1E7A4F7556}") = "OSS.Core.Service", "Framework\Core\OSS.Core.Service\OSS.Core.Service.csproj", "{09B72944-FFAE-4011-8C72-BB36A5DF27FF}"
EndProject
Project("{2150E333-8FDC-42A3-9474-1A3956D46DE8}") = "Portal", "Portal", "{D4908C96-9163-4936-BB8D-50C41460DE0F}"
EndProject
Project("{2150E333-8FDC-42A3-9474-1A3956D46DE8}") = "Opened", "Opened", "{77C70B84-7F0C-4B68-A201-AF182B4807C3}"
EndProject
Project("{9A19103F-16F7-4668-BE54-9A1E7A4F7556}") = "OSS.Core.Module.Portal.Service", "Modules\Portal\OSS.Core.Module.Portal.Service\OSS.Core.Module.Portal.Service.csproj", "{91D0F8AB-E5D0-41E8-8C40-2D270B12878F}"
EndProject
Project("{9A19103F-16F7-4668-BE54-9A1E7A4F7556}") = "OSS.Core.Module.Portal.Domain", "Modules\Portal\OSS.Core.Module.Portal.Domain\OSS.Core.Module.Portal.Domain.csproj", "{865B73D7-123E-41C9-86D5-6386753F924C}"
EndProject
Project("{9A19103F-16F7-4668-BE54-9A1E7A4F7556}") = "OSS.Core.Module.Portal.Repository", "Modules\Portal\OSS.Core.Module.Portal.Repository\OSS.Core.Module.Portal.Repository.csproj", "{27898B9F-7BCD-4221-BA1C-822C9D4574F9}"
EndProject
Project("{9A19103F-16F7-4668-BE54-9A1E7A4F7556}") = "OSS.Core.Domain.Opened", "Framework\Core\Opened\OSS.Core.Domain.Opened\OSS.Core.Domain.Opened.csproj", "{97CDE920-FAC1-4705-AD1F-263AF4DDD287}"
EndProject
Project("{9A19103F-16F7-4668-BE54-9A1E7A4F7556}") = "OSS.Core.Module.Portal.Domain.Opened", "Modules\Portal\OSS.Core.Module.Portal.Domain.Opened\OSS.Core.Module.Portal.Domain.Opened.csproj", "{31C4D646-CFB9-4D8A-A4F2-8786E45B5723}"
EndProject
Project("{9A19103F-16F7-4668-BE54-9A1E7A4F7556}") = "OSS.Core.Module.Portal.Service.Opened", "Modules\Portal\OSS.Core.Module.Portal.Service.Opened\OSS.Core.Module.Portal.Service.Opened.csproj", "{9C27F876-B43F-4233-A693-0C1F9DC1DF2A}"
EndProject
Project("{2150E333-8FDC-42A3-9474-1A3956D46DE8}") = "Notify", "Notify", "{4C41EE01-6544-4262-94C3-8778177D3382}"
EndProject
Project("{9A19103F-16F7-4668-BE54-9A1E7A4F7556}") = "OSS.Core.Module.Notify.Domain.Opened", "Modules\Notify\OSS.Core.Module.Notify.Domain.Opened\OSS.Core.Module.Notify.Domain.Opened.csproj", "{91BE685D-E499-4751-8EC4-56FDDF73E347}"
EndProject
Project("{2150E333-8FDC-42A3-9474-1A3956D46DE8}") = "Opened", "Opened", "{130F34D0-8441-4135-AE92-BC5593F23C52}"
EndProject
Project("{9A19103F-16F7-4668-BE54-9A1E7A4F7556}") = "OSS.Core.Module.Notify.Domain", "Modules\Notify\OSS.Core.Module.Notify.Domain\OSS.Core.Module.Notify.Domain.csproj", "{AA62CF36-A7B3-47C4-9DF4-E40E0CB06421}"
EndProject
Project("{9A19103F-16F7-4668-BE54-9A1E7A4F7556}") = "OSS.Core.Module.Notify.Service", "Modules\Notify\OSS.Core.Module.Notify.Service\OSS.Core.Module.Notify.Service.csproj", "{88A8B92B-8EE5-46EF-942E-CC62812C3C26}"
EndProject
Project("{9A19103F-16F7-4668-BE54-9A1E7A4F7556}") = "OSS.Core.Module.Notify.Service.Opened", "Modules\Notify\OSS.Core.Module.Notify.Service.Opened\OSS.Core.Module.Notify.Service.Opened.csproj", "{89D25C76-67B4-44A9-9554-D3D3E4ED1AFA}"
EndProject
Project("{9A19103F-16F7-4668-BE54-9A1E7A4F7556}") = "OSS.Core.Module.Portal.WebApi", "Modules\Portal\OSS.Core.Module.Portal.WebApi\OSS.Core.Module.Portal.WebApi.csproj", "{A0D11BA9-C5C1-44A5-8EB1-038A0DAA6423}"
EndProject
Project("{2150E333-8FDC-42A3-9474-1A3956D46DE8}") = "Repository", "Repository", "{DF7D4FED-5056-45D3-B6CC-4F554F7EFFE9}"
EndProject
Project("{9A19103F-16F7-4668-BE54-9A1E7A4F7556}") = "OSS.Core.Rep.Dapper", "Framework\Core\Repository\OSS.Core.Rep.Dapper\OSS.Core.Rep.Dapper.csproj", "{BD577286-8479-4E97-94E3-5A887788C9E8}"
EndProject
Project("{9A19103F-16F7-4668-BE54-9A1E7A4F7556}") = "OSS.Core.Rep.Dapper.Mysql", "Framework\Core\Repository\OSS.Core.Rep.Dapper.Mysql\OSS.Core.Rep.Dapper.Mysql.csproj", "{F87F820D-6D5C-4EC3-9620-1722EC0FD161}"
EndProject
Project("{9A19103F-16F7-4668-BE54-9A1E7A4F7556}") = "OSS.Core.WebApi", "Framework\Core\OSS.Core.WebApi\OSS.Core.WebApi.csproj", "{A9DE73C9-B546-4C26-8C48-A18A6375D7D3}"
EndProject
Project("{9A19103F-16F7-4668-BE54-9A1E7A4F7556}") = "OSS.Core.Extension.Mvc.Captcha.Ali", "Framework\Extension\OSS.Core.Extension.Mvc.Captcha.Ali\OSS.Core.Extension.Mvc.Captcha.Ali.csproj", "{CBD825A5-505B-45F3-96ED-ABB441975D4D}"
EndProject
Project("{2150E333-8FDC-42A3-9474-1A3956D46DE8}") = "3.All", "3.All", "{8766C0B1-E925-4B61-8A93-BD9A31CD0295}"
EndProject
Project("{9A19103F-16F7-4668-BE54-9A1E7A4F7556}") = "OSS.Core.Module.All.WebApi", "Modules\All\OSS.Core.Module.All.WebApi\OSS.Core.Module.All.WebApi.csproj", "{91CD45BB-F0D0-438B-AAAA-8DF632A7A0E5}"
EndProject
Project("{9A19103F-16F7-4668-BE54-9A1E7A4F7556}") = "OSS.Core.Module.Notify.WebApi", "Modules\Notify\OSS.Core.Module.Notify.WebApi\OSS.Core.Module.Notify.WebApi.csproj", "{4147FB3D-C4CC-4381-A9D7-7026D63321C5}"
EndProject
Project("{9A19103F-16F7-4668-BE54-9A1E7A4F7556}") = "OSS.Core.Module.All.Test", "Modules\All\OSS.Core.Module.All.Test\OSS.Core.Module.All.Test.csproj", "{0D29A912-6800-44F9-A624-F36CF3EFA116}"
EndProject
Project("{9A19103F-16F7-4668-BE54-9A1E7A4F7556}") = "OSS.Core.Extension.Mvc.Captcha", "Framework\Extension\OSS.Core.Extension.Mvc.Captcha\OSS.Core.Extension.Mvc.Captcha.csproj", "{960FD9A5-6997-406C-910E-E0091D6CBE86}"
EndProject
Project("{2150E333-8FDC-42A3-9474-1A3956D46DE8}") = "Captcha", "Captcha", "{85E9DBE1-EDF1-4259-84A5-1EF3D22FF982}"
EndProject
Project("{2150E333-8FDC-42A3-9474-1A3956D46DE8}") = "3.Component", "3.Component", "{24A68AE1-DA40-4C0C-AC39-185C119CA640}"
EndProject
Project("{9A19103F-16F7-4668-BE54-9A1E7A4F7556}") = "OSS.Core.Comp.DirConfig.Mysql", "Framework\Component\OSS.Core.Comp.DirConfig.Mysql\OSS.Core.Comp.DirConfig.Mysql.csproj", "{7DE31635-2528-41A7-877C-00F33AF4A72D}"
EndProject
Project("{9A19103F-16F7-4668-BE54-9A1E7A4F7556}") = "OSS.Core.Extension.Mvc.Configuration", "Framework\Extension\OSS.Core.Extension.Mvc.Configuration\OSS.Core.Extension.Mvc.Configuration.csproj", "{78136D14-4FBF-47D1-B90D-DF071130A1AF}"
EndProject
Project("{2150E333-8FDC-42A3-9474-1A3956D46DE8}") = "Mvc", "Mvc", "{951F95D4-69E6-457E-98BB-54461033C1C5}"
EndProject
Project("{2150E333-8FDC-42A3-9474-1A3956D46DE8}") = "0.Docs", "0.Docs", "{5FCA62E9-4FB5-408D-80AE-9B416FD3E1BC}"
	ProjectSection(SolutionItems) = preProject
		Docs\oss.core.sql = Docs\oss.core.sql
		README.md = README.md
	EndProjectSection
EndProject
Project("{2150E333-8FDC-42A3-9474-1A3956D46DE8}") = "WorkFlow", "WorkFlow", "{F0BC45B0-BC4F-44A5-93E7-C4AFBA40FE99}"
EndProject
Project("{9A19103F-16F7-4668-BE54-9A1E7A4F7556}") = "OSS.Core.Module.WorkFlow.Domain", "Modules\WorkFlow\OSS.Core.Module.WorkFlow.Domain\OSS.Core.Module.WorkFlow.Domain.csproj", "{8AD70C05-65E6-44C7-8D43-C53C22EC1DE3}"
EndProject
Project("{2150E333-8FDC-42A3-9474-1A3956D46DE8}") = "Opened", "Opened", "{3B9BF54A-07A4-4817-A730-9237FD9B5A4F}"
EndProject
Project("{9A19103F-16F7-4668-BE54-9A1E7A4F7556}") = "OSS.Core.Module.WorkFlow.Domain.Opened", "Modules\WorkFlow\OSS.Core.Module.WorkFlow.Domain.Opened\OSS.Core.Module.WorkFlow.Domain.Opened.csproj", "{A31A0423-4524-4304-95E3-7C4E3EF209B0}"
EndProject
Global
	GlobalSection(SolutionConfigurationPlatforms) = preSolution
		Debug|Any CPU = Debug|Any CPU
		Release|Any CPU = Release|Any CPU
	EndGlobalSection
	GlobalSection(ProjectConfigurationPlatforms) = postSolution
		{1C194C34-59D5-47C7-B724-AFFE59378F92}.Debug|Any CPU.ActiveCfg = Release|Any CPU
		{1C194C34-59D5-47C7-B724-AFFE59378F92}.Debug|Any CPU.Build.0 = Release|Any CPU
		{1C194C34-59D5-47C7-B724-AFFE59378F92}.Release|Any CPU.ActiveCfg = Release|Any CPU
		{1C194C34-59D5-47C7-B724-AFFE59378F92}.Release|Any CPU.Build.0 = Release|Any CPU
		{91C12A1E-5133-4EE2-B71C-961A484C34DC}.Debug|Any CPU.ActiveCfg = Release|Any CPU
		{91C12A1E-5133-4EE2-B71C-961A484C34DC}.Debug|Any CPU.Build.0 = Release|Any CPU
		{91C12A1E-5133-4EE2-B71C-961A484C34DC}.Release|Any CPU.ActiveCfg = Release|Any CPU
		{91C12A1E-5133-4EE2-B71C-961A484C34DC}.Release|Any CPU.Build.0 = Release|Any CPU
		{57C4739D-9A91-4E95-B679-4F4696FB1817}.Debug|Any CPU.ActiveCfg = Release|Any CPU
		{57C4739D-9A91-4E95-B679-4F4696FB1817}.Debug|Any CPU.Build.0 = Release|Any CPU
		{57C4739D-9A91-4E95-B679-4F4696FB1817}.Release|Any CPU.ActiveCfg = Release|Any CPU
		{57C4739D-9A91-4E95-B679-4F4696FB1817}.Release|Any CPU.Build.0 = Release|Any CPU
		{732064E3-CE6B-4BE9-8CF4-34966E845B2E}.Debug|Any CPU.ActiveCfg = Release|Any CPU
		{732064E3-CE6B-4BE9-8CF4-34966E845B2E}.Debug|Any CPU.Build.0 = Release|Any CPU
		{732064E3-CE6B-4BE9-8CF4-34966E845B2E}.Release|Any CPU.ActiveCfg = Release|Any CPU
		{732064E3-CE6B-4BE9-8CF4-34966E845B2E}.Release|Any CPU.Build.0 = Release|Any CPU
		{6E7AC6F9-5CE2-47CF-99C8-FA8ED771D7AD}.Debug|Any CPU.ActiveCfg = Release|Any CPU
		{6E7AC6F9-5CE2-47CF-99C8-FA8ED771D7AD}.Debug|Any CPU.Build.0 = Release|Any CPU
		{6E7AC6F9-5CE2-47CF-99C8-FA8ED771D7AD}.Release|Any CPU.ActiveCfg = Release|Any CPU
		{6E7AC6F9-5CE2-47CF-99C8-FA8ED771D7AD}.Release|Any CPU.Build.0 = Release|Any CPU
		{09B72944-FFAE-4011-8C72-BB36A5DF27FF}.Debug|Any CPU.ActiveCfg = Release|Any CPU
		{09B72944-FFAE-4011-8C72-BB36A5DF27FF}.Debug|Any CPU.Build.0 = Release|Any CPU
		{09B72944-FFAE-4011-8C72-BB36A5DF27FF}.Release|Any CPU.ActiveCfg = Release|Any CPU
		{09B72944-FFAE-4011-8C72-BB36A5DF27FF}.Release|Any CPU.Build.0 = Release|Any CPU
		{91D0F8AB-E5D0-41E8-8C40-2D270B12878F}.Debug|Any CPU.ActiveCfg = Debug|Any CPU
		{91D0F8AB-E5D0-41E8-8C40-2D270B12878F}.Debug|Any CPU.Build.0 = Debug|Any CPU
		{91D0F8AB-E5D0-41E8-8C40-2D270B12878F}.Release|Any CPU.ActiveCfg = Release|Any CPU
		{91D0F8AB-E5D0-41E8-8C40-2D270B12878F}.Release|Any CPU.Build.0 = Release|Any CPU
		{865B73D7-123E-41C9-86D5-6386753F924C}.Debug|Any CPU.ActiveCfg = Debug|Any CPU
		{865B73D7-123E-41C9-86D5-6386753F924C}.Debug|Any CPU.Build.0 = Debug|Any CPU
		{865B73D7-123E-41C9-86D5-6386753F924C}.Release|Any CPU.ActiveCfg = Release|Any CPU
		{865B73D7-123E-41C9-86D5-6386753F924C}.Release|Any CPU.Build.0 = Release|Any CPU
		{27898B9F-7BCD-4221-BA1C-822C9D4574F9}.Debug|Any CPU.ActiveCfg = Debug|Any CPU
		{27898B9F-7BCD-4221-BA1C-822C9D4574F9}.Debug|Any CPU.Build.0 = Debug|Any CPU
		{27898B9F-7BCD-4221-BA1C-822C9D4574F9}.Release|Any CPU.ActiveCfg = Release|Any CPU
		{27898B9F-7BCD-4221-BA1C-822C9D4574F9}.Release|Any CPU.Build.0 = Release|Any CPU
		{97CDE920-FAC1-4705-AD1F-263AF4DDD287}.Debug|Any CPU.ActiveCfg = Release|Any CPU
		{97CDE920-FAC1-4705-AD1F-263AF4DDD287}.Debug|Any CPU.Build.0 = Release|Any CPU
		{97CDE920-FAC1-4705-AD1F-263AF4DDD287}.Release|Any CPU.ActiveCfg = Release|Any CPU
		{97CDE920-FAC1-4705-AD1F-263AF4DDD287}.Release|Any CPU.Build.0 = Release|Any CPU
		{31C4D646-CFB9-4D8A-A4F2-8786E45B5723}.Debug|Any CPU.ActiveCfg = Debug|Any CPU
		{31C4D646-CFB9-4D8A-A4F2-8786E45B5723}.Debug|Any CPU.Build.0 = Debug|Any CPU
		{31C4D646-CFB9-4D8A-A4F2-8786E45B5723}.Release|Any CPU.ActiveCfg = Release|Any CPU
		{31C4D646-CFB9-4D8A-A4F2-8786E45B5723}.Release|Any CPU.Build.0 = Release|Any CPU
		{9C27F876-B43F-4233-A693-0C1F9DC1DF2A}.Debug|Any CPU.ActiveCfg = Debug|Any CPU
		{9C27F876-B43F-4233-A693-0C1F9DC1DF2A}.Debug|Any CPU.Build.0 = Debug|Any CPU
		{9C27F876-B43F-4233-A693-0C1F9DC1DF2A}.Release|Any CPU.ActiveCfg = Release|Any CPU
		{9C27F876-B43F-4233-A693-0C1F9DC1DF2A}.Release|Any CPU.Build.0 = Release|Any CPU
		{91BE685D-E499-4751-8EC4-56FDDF73E347}.Debug|Any CPU.ActiveCfg = Debug|Any CPU
		{91BE685D-E499-4751-8EC4-56FDDF73E347}.Debug|Any CPU.Build.0 = Debug|Any CPU
		{91BE685D-E499-4751-8EC4-56FDDF73E347}.Release|Any CPU.ActiveCfg = Release|Any CPU
		{91BE685D-E499-4751-8EC4-56FDDF73E347}.Release|Any CPU.Build.0 = Release|Any CPU
		{AA62CF36-A7B3-47C4-9DF4-E40E0CB06421}.Debug|Any CPU.ActiveCfg = Debug|Any CPU
		{AA62CF36-A7B3-47C4-9DF4-E40E0CB06421}.Debug|Any CPU.Build.0 = Debug|Any CPU
		{AA62CF36-A7B3-47C4-9DF4-E40E0CB06421}.Release|Any CPU.ActiveCfg = Release|Any CPU
		{AA62CF36-A7B3-47C4-9DF4-E40E0CB06421}.Release|Any CPU.Build.0 = Release|Any CPU
		{88A8B92B-8EE5-46EF-942E-CC62812C3C26}.Debug|Any CPU.ActiveCfg = Debug|Any CPU
		{88A8B92B-8EE5-46EF-942E-CC62812C3C26}.Debug|Any CPU.Build.0 = Debug|Any CPU
		{88A8B92B-8EE5-46EF-942E-CC62812C3C26}.Release|Any CPU.ActiveCfg = Release|Any CPU
		{88A8B92B-8EE5-46EF-942E-CC62812C3C26}.Release|Any CPU.Build.0 = Release|Any CPU
		{89D25C76-67B4-44A9-9554-D3D3E4ED1AFA}.Debug|Any CPU.ActiveCfg = Debug|Any CPU
		{89D25C76-67B4-44A9-9554-D3D3E4ED1AFA}.Debug|Any CPU.Build.0 = Debug|Any CPU
		{89D25C76-67B4-44A9-9554-D3D3E4ED1AFA}.Release|Any CPU.ActiveCfg = Release|Any CPU
		{89D25C76-67B4-44A9-9554-D3D3E4ED1AFA}.Release|Any CPU.Build.0 = Release|Any CPU
		{A0D11BA9-C5C1-44A5-8EB1-038A0DAA6423}.Debug|Any CPU.ActiveCfg = Debug|Any CPU
		{A0D11BA9-C5C1-44A5-8EB1-038A0DAA6423}.Debug|Any CPU.Build.0 = Debug|Any CPU
		{A0D11BA9-C5C1-44A5-8EB1-038A0DAA6423}.Release|Any CPU.ActiveCfg = Release|Any CPU
		{A0D11BA9-C5C1-44A5-8EB1-038A0DAA6423}.Release|Any CPU.Build.0 = Release|Any CPU
		{BD577286-8479-4E97-94E3-5A887788C9E8}.Debug|Any CPU.ActiveCfg = Release|Any CPU
		{BD577286-8479-4E97-94E3-5A887788C9E8}.Debug|Any CPU.Build.0 = Release|Any CPU
		{BD577286-8479-4E97-94E3-5A887788C9E8}.Release|Any CPU.ActiveCfg = Release|Any CPU
		{BD577286-8479-4E97-94E3-5A887788C9E8}.Release|Any CPU.Build.0 = Release|Any CPU
		{F87F820D-6D5C-4EC3-9620-1722EC0FD161}.Debug|Any CPU.ActiveCfg = Release|Any CPU
		{F87F820D-6D5C-4EC3-9620-1722EC0FD161}.Debug|Any CPU.Build.0 = Release|Any CPU
		{F87F820D-6D5C-4EC3-9620-1722EC0FD161}.Release|Any CPU.ActiveCfg = Release|Any CPU
		{F87F820D-6D5C-4EC3-9620-1722EC0FD161}.Release|Any CPU.Build.0 = Release|Any CPU
		{A9DE73C9-B546-4C26-8C48-A18A6375D7D3}.Debug|Any CPU.ActiveCfg = Release|Any CPU
		{A9DE73C9-B546-4C26-8C48-A18A6375D7D3}.Debug|Any CPU.Build.0 = Release|Any CPU
		{A9DE73C9-B546-4C26-8C48-A18A6375D7D3}.Release|Any CPU.ActiveCfg = Release|Any CPU
		{A9DE73C9-B546-4C26-8C48-A18A6375D7D3}.Release|Any CPU.Build.0 = Release|Any CPU
		{CBD825A5-505B-45F3-96ED-ABB441975D4D}.Debug|Any CPU.ActiveCfg = Release|Any CPU
		{CBD825A5-505B-45F3-96ED-ABB441975D4D}.Debug|Any CPU.Build.0 = Release|Any CPU
		{CBD825A5-505B-45F3-96ED-ABB441975D4D}.Release|Any CPU.ActiveCfg = Release|Any CPU
		{CBD825A5-505B-45F3-96ED-ABB441975D4D}.Release|Any CPU.Build.0 = Release|Any CPU
		{91CD45BB-F0D0-438B-AAAA-8DF632A7A0E5}.Debug|Any CPU.ActiveCfg = Debug|Any CPU
		{91CD45BB-F0D0-438B-AAAA-8DF632A7A0E5}.Debug|Any CPU.Build.0 = Debug|Any CPU
		{91CD45BB-F0D0-438B-AAAA-8DF632A7A0E5}.Release|Any CPU.ActiveCfg = Release|Any CPU
		{91CD45BB-F0D0-438B-AAAA-8DF632A7A0E5}.Release|Any CPU.Build.0 = Release|Any CPU
		{4147FB3D-C4CC-4381-A9D7-7026D63321C5}.Debug|Any CPU.ActiveCfg = Debug|Any CPU
		{4147FB3D-C4CC-4381-A9D7-7026D63321C5}.Debug|Any CPU.Build.0 = Debug|Any CPU
		{4147FB3D-C4CC-4381-A9D7-7026D63321C5}.Release|Any CPU.ActiveCfg = Release|Any CPU
		{4147FB3D-C4CC-4381-A9D7-7026D63321C5}.Release|Any CPU.Build.0 = Release|Any CPU
		{0D29A912-6800-44F9-A624-F36CF3EFA116}.Debug|Any CPU.ActiveCfg = Debug|Any CPU
		{0D29A912-6800-44F9-A624-F36CF3EFA116}.Debug|Any CPU.Build.0 = Debug|Any CPU
		{0D29A912-6800-44F9-A624-F36CF3EFA116}.Release|Any CPU.ActiveCfg = Release|Any CPU
		{0D29A912-6800-44F9-A624-F36CF3EFA116}.Release|Any CPU.Build.0 = Release|Any CPU
		{960FD9A5-6997-406C-910E-E0091D6CBE86}.Debug|Any CPU.ActiveCfg = Release|Any CPU
		{960FD9A5-6997-406C-910E-E0091D6CBE86}.Debug|Any CPU.Build.0 = Release|Any CPU
		{960FD9A5-6997-406C-910E-E0091D6CBE86}.Release|Any CPU.ActiveCfg = Release|Any CPU
		{960FD9A5-6997-406C-910E-E0091D6CBE86}.Release|Any CPU.Build.0 = Release|Any CPU
		{7DE31635-2528-41A7-877C-00F33AF4A72D}.Debug|Any CPU.ActiveCfg = Release|Any CPU
		{7DE31635-2528-41A7-877C-00F33AF4A72D}.Debug|Any CPU.Build.0 = Release|Any CPU
		{7DE31635-2528-41A7-877C-00F33AF4A72D}.Release|Any CPU.ActiveCfg = Release|Any CPU
		{7DE31635-2528-41A7-877C-00F33AF4A72D}.Release|Any CPU.Build.0 = Release|Any CPU
		{78136D14-4FBF-47D1-B90D-DF071130A1AF}.Debug|Any CPU.ActiveCfg = Release|Any CPU
		{78136D14-4FBF-47D1-B90D-DF071130A1AF}.Debug|Any CPU.Build.0 = Release|Any CPU
		{78136D14-4FBF-47D1-B90D-DF071130A1AF}.Release|Any CPU.ActiveCfg = Release|Any CPU
		{78136D14-4FBF-47D1-B90D-DF071130A1AF}.Release|Any CPU.Build.0 = Release|Any CPU
		{8AD70C05-65E6-44C7-8D43-C53C22EC1DE3}.Debug|Any CPU.ActiveCfg = Debug|Any CPU
		{8AD70C05-65E6-44C7-8D43-C53C22EC1DE3}.Debug|Any CPU.Build.0 = Debug|Any CPU
		{8AD70C05-65E6-44C7-8D43-C53C22EC1DE3}.Release|Any CPU.ActiveCfg = Release|Any CPU
		{8AD70C05-65E6-44C7-8D43-C53C22EC1DE3}.Release|Any CPU.Build.0 = Release|Any CPU
		{A31A0423-4524-4304-95E3-7C4E3EF209B0}.Debug|Any CPU.ActiveCfg = Debug|Any CPU
		{A31A0423-4524-4304-95E3-7C4E3EF209B0}.Debug|Any CPU.Build.0 = Debug|Any CPU
		{A31A0423-4524-4304-95E3-7C4E3EF209B0}.Release|Any CPU.ActiveCfg = Release|Any CPU
		{A31A0423-4524-4304-95E3-7C4E3EF209B0}.Release|Any CPU.Build.0 = Release|Any CPU
	EndGlobalSection
	GlobalSection(SolutionProperties) = preSolution
		HideSolutionNode = FALSE
	EndGlobalSection
	GlobalSection(NestedProjects) = preSolution
		{FE62127D-648B-4E25-BA2C-806EF23217B8} = {EAA3B83B-3AAB-40D6-A652-307DB94A5C2A}
		{3BDEC2D3-2D4E-4480-A978-0676558389B1} = {EAA3B83B-3AAB-40D6-A652-307DB94A5C2A}
		{C9205A0F-0B18-439B-82A7-26351EC26968} = {EAA3B83B-3AAB-40D6-A652-307DB94A5C2A}
		{1C194C34-59D5-47C7-B724-AFFE59378F92} = {FE62127D-648B-4E25-BA2C-806EF23217B8}
		{91C12A1E-5133-4EE2-B71C-961A484C34DC} = {FE62127D-648B-4E25-BA2C-806EF23217B8}
		{D753B7BF-6CE2-40B1-98A0-B2182F823E98} = {3BDEC2D3-2D4E-4480-A978-0676558389B1}
		{57C4739D-9A91-4E95-B679-4F4696FB1817} = {C9205A0F-0B18-439B-82A7-26351EC26968}
		{732064E3-CE6B-4BE9-8CF4-34966E845B2E} = {C9205A0F-0B18-439B-82A7-26351EC26968}
		{6E7AC6F9-5CE2-47CF-99C8-FA8ED771D7AD} = {3BDEC2D3-2D4E-4480-A978-0676558389B1}
		{09B72944-FFAE-4011-8C72-BB36A5DF27FF} = {3BDEC2D3-2D4E-4480-A978-0676558389B1}
		{D4908C96-9163-4936-BB8D-50C41460DE0F} = {BAAC3891-307A-415E-A884-E82C6F779BE9}
		{77C70B84-7F0C-4B68-A201-AF182B4807C3} = {D4908C96-9163-4936-BB8D-50C41460DE0F}
		{91D0F8AB-E5D0-41E8-8C40-2D270B12878F} = {D4908C96-9163-4936-BB8D-50C41460DE0F}
		{865B73D7-123E-41C9-86D5-6386753F924C} = {D4908C96-9163-4936-BB8D-50C41460DE0F}
		{27898B9F-7BCD-4221-BA1C-822C9D4574F9} = {D4908C96-9163-4936-BB8D-50C41460DE0F}
		{97CDE920-FAC1-4705-AD1F-263AF4DDD287} = {D753B7BF-6CE2-40B1-98A0-B2182F823E98}
		{31C4D646-CFB9-4D8A-A4F2-8786E45B5723} = {77C70B84-7F0C-4B68-A201-AF182B4807C3}
		{9C27F876-B43F-4233-A693-0C1F9DC1DF2A} = {77C70B84-7F0C-4B68-A201-AF182B4807C3}
		{4C41EE01-6544-4262-94C3-8778177D3382} = {BAAC3891-307A-415E-A884-E82C6F779BE9}
		{91BE685D-E499-4751-8EC4-56FDDF73E347} = {130F34D0-8441-4135-AE92-BC5593F23C52}
		{130F34D0-8441-4135-AE92-BC5593F23C52} = {4C41EE01-6544-4262-94C3-8778177D3382}
		{AA62CF36-A7B3-47C4-9DF4-E40E0CB06421} = {4C41EE01-6544-4262-94C3-8778177D3382}
		{88A8B92B-8EE5-46EF-942E-CC62812C3C26} = {4C41EE01-6544-4262-94C3-8778177D3382}
		{89D25C76-67B4-44A9-9554-D3D3E4ED1AFA} = {130F34D0-8441-4135-AE92-BC5593F23C52}
		{A0D11BA9-C5C1-44A5-8EB1-038A0DAA6423} = {D4908C96-9163-4936-BB8D-50C41460DE0F}
		{DF7D4FED-5056-45D3-B6CC-4F554F7EFFE9} = {3BDEC2D3-2D4E-4480-A978-0676558389B1}
		{BD577286-8479-4E97-94E3-5A887788C9E8} = {DF7D4FED-5056-45D3-B6CC-4F554F7EFFE9}
		{F87F820D-6D5C-4EC3-9620-1722EC0FD161} = {DF7D4FED-5056-45D3-B6CC-4F554F7EFFE9}
		{A9DE73C9-B546-4C26-8C48-A18A6375D7D3} = {3BDEC2D3-2D4E-4480-A978-0676558389B1}
		{CBD825A5-505B-45F3-96ED-ABB441975D4D} = {85E9DBE1-EDF1-4259-84A5-1EF3D22FF982}
		{91CD45BB-F0D0-438B-AAAA-8DF632A7A0E5} = {8766C0B1-E925-4B61-8A93-BD9A31CD0295}
		{4147FB3D-C4CC-4381-A9D7-7026D63321C5} = {4C41EE01-6544-4262-94C3-8778177D3382}
		{0D29A912-6800-44F9-A624-F36CF3EFA116} = {8766C0B1-E925-4B61-8A93-BD9A31CD0295}
		{960FD9A5-6997-406C-910E-E0091D6CBE86} = {85E9DBE1-EDF1-4259-84A5-1EF3D22FF982}
		{85E9DBE1-EDF1-4259-84A5-1EF3D22FF982} = {951F95D4-69E6-457E-98BB-54461033C1C5}
		{24A68AE1-DA40-4C0C-AC39-185C119CA640} = {EAA3B83B-3AAB-40D6-A652-307DB94A5C2A}
		{7DE31635-2528-41A7-877C-00F33AF4A72D} = {24A68AE1-DA40-4C0C-AC39-185C119CA640}
		{78136D14-4FBF-47D1-B90D-DF071130A1AF} = {951F95D4-69E6-457E-98BB-54461033C1C5}
		{951F95D4-69E6-457E-98BB-54461033C1C5} = {C9205A0F-0B18-439B-82A7-26351EC26968}
		{F0BC45B0-BC4F-44A5-93E7-C4AFBA40FE99} = {BAAC3891-307A-415E-A884-E82C6F779BE9}
		{8AD70C05-65E6-44C7-8D43-C53C22EC1DE3} = {F0BC45B0-BC4F-44A5-93E7-C4AFBA40FE99}
		{3B9BF54A-07A4-4817-A730-9237FD9B5A4F} = {F0BC45B0-BC4F-44A5-93E7-C4AFBA40FE99}
		{A31A0423-4524-4304-95E3-7C4E3EF209B0} = {3B9BF54A-07A4-4817-A730-9237FD9B5A4F}
	EndGlobalSection
	GlobalSection(ExtensibilityGlobals) = postSolution
		SolutionGuid = {0319E437-EDB9-4B71-99E8-5182FF43C454}
	EndGlobalSection
EndGlobal
