
Microsoft Visual Studio Solution File, Format Version 12.00
# Visual Studio Version 17
VisualStudioVersion = 17.2.32616.157
MinimumVisualStudioVersion = 10.0.40219.1
Project("{2150E333-8FDC-42A3-9474-1A3956D46DE8}") = "Open", "Open", "{77C70B84-7F0C-4B68-A201-AF182B4807C3}"
EndProject
Project("{9A19103F-16F7-4668-BE54-9A1E7A4F7556}") = "OSS.Core.Module.Notify.Domain", "OSS.Core.Module.Notify.Domain\OSS.Core.Module.Notify.Domain.csproj", "{E0597522-F096-48AC-A504-0A07C655C16C}"
EndProject
Project("{9A19103F-16F7-4668-BE54-9A1E7A4F7556}") = "OSS.Core.Module.Notify.Service", "OSS.Core.Module.Notify.Service\OSS.Core.Module.Notify.Service.csproj", "{81FE5450-E31B-4DB9-BAAF-DECEBB9D0FA1}"
EndProject
Project("{9A19103F-16F7-4668-BE54-9A1E7A4F7556}") = "OSS.Core.Module.Notify.WebApi", "OSS.Core.Module.Notify.WebApi\OSS.Core.Module.Notify.WebApi.csproj", "{1EC3B963-19CF-40F7-8309-18D3178DEB7B}"
EndProject
Project("{9A19103F-16F7-4668-BE54-9A1E7A4F7556}") = "OSS.Core.Module.Notify.Domain.Open", "Open\OSS.Core.Module.Notify.Domain.Open\OSS.Core.Module.Notify.Domain.Open.csproj", "{E7ED6535-053A-40E4-A271-E3A79582584A}"
EndProject
Project("{9A19103F-16F7-4668-BE54-9A1E7A4F7556}") = "OSS.Core.Module.Notify.Service.Open", "Open\OSS.Core.Module.Notify.Service.Open\OSS.Core.Module.Notify.Service.Open.csproj", "{2923FEE8-A21B-4DD0-A015-C638B65365F2}"
EndProject
Project("{9A19103F-16F7-4668-BE54-9A1E7A4F7556}") = "OSS.Core.Module.Notify.Client.Http", "Open\OSS.Core.Module.Notify.Client.Http\OSS.Core.Module.Notify.Client.Http.csproj", "{7015289A-47F1-47E7-AC9C-FD969594D346}"
EndProject
Project("{2150E333-8FDC-42A3-9474-1A3956D46DE8}") = "Clients", "Clients", "{8726A50C-F3AA-4368-920E-9280998BBFD6}"
EndProject
Project("{2150E333-8FDC-42A3-9474-1A3956D46DE8}") = "Portal", "Portal", "{CA2B5A06-8337-446C-8824-96BFE5FA2359}"
EndProject
Project("{9A19103F-16F7-4668-BE54-9A1E7A4F7556}") = "OSS.Core.Module.Portal.Domain.Open", "..\Portal\Open\OSS.Core.Module.Portal.Domain.Open\OSS.Core.Module.Portal.Domain.Open.csproj", "{637B3143-8D0D-44BB-8A53-68FDB3D15BEF}"
EndProject
Project("{9A19103F-16F7-4668-BE54-9A1E7A4F7556}") = "OSS.Core.Module.Portal.Service.Open", "..\Portal\Open\OSS.Core.Module.Portal.Service.Open\OSS.Core.Module.Portal.Service.Open.csproj", "{55E89511-9879-451D-B23A-031A3411C9F1}"
EndProject
Project("{9A19103F-16F7-4668-BE54-9A1E7A4F7556}") = "OSS.Core.Module.Portal.Client.Http", "..\Portal\Open\OSS.Core.Module.Portal.Client.Http\OSS.Core.Module.Portal.Client.Http.csproj", "{8D8575AC-A245-4C08-9A85-5931570DD5CB}"
EndProject
Global
	GlobalSection(SolutionConfigurationPlatforms) = preSolution
		Debug|Any CPU = Debug|Any CPU
		Release|Any CPU = Release|Any CPU
	EndGlobalSection
	GlobalSection(ProjectConfigurationPlatforms) = postSolution
		{E0597522-F096-48AC-A504-0A07C655C16C}.Debug|Any CPU.ActiveCfg = Debug|Any CPU
		{E0597522-F096-48AC-A504-0A07C655C16C}.Debug|Any CPU.Build.0 = Debug|Any CPU
		{E0597522-F096-48AC-A504-0A07C655C16C}.Release|Any CPU.ActiveCfg = Release|Any CPU
		{E0597522-F096-48AC-A504-0A07C655C16C}.Release|Any CPU.Build.0 = Release|Any CPU
		{81FE5450-E31B-4DB9-BAAF-DECEBB9D0FA1}.Debug|Any CPU.ActiveCfg = Debug|Any CPU
		{81FE5450-E31B-4DB9-BAAF-DECEBB9D0FA1}.Debug|Any CPU.Build.0 = Debug|Any CPU
		{81FE5450-E31B-4DB9-BAAF-DECEBB9D0FA1}.Release|Any CPU.ActiveCfg = Release|Any CPU
		{81FE5450-E31B-4DB9-BAAF-DECEBB9D0FA1}.Release|Any CPU.Build.0 = Release|Any CPU
		{1EC3B963-19CF-40F7-8309-18D3178DEB7B}.Debug|Any CPU.ActiveCfg = Debug|Any CPU
		{1EC3B963-19CF-40F7-8309-18D3178DEB7B}.Debug|Any CPU.Build.0 = Debug|Any CPU
		{1EC3B963-19CF-40F7-8309-18D3178DEB7B}.Release|Any CPU.ActiveCfg = Release|Any CPU
		{1EC3B963-19CF-40F7-8309-18D3178DEB7B}.Release|Any CPU.Build.0 = Release|Any CPU
		{E7ED6535-053A-40E4-A271-E3A79582584A}.Debug|Any CPU.ActiveCfg = Debug|Any CPU
		{E7ED6535-053A-40E4-A271-E3A79582584A}.Debug|Any CPU.Build.0 = Debug|Any CPU
		{E7ED6535-053A-40E4-A271-E3A79582584A}.Release|Any CPU.ActiveCfg = Release|Any CPU
		{E7ED6535-053A-40E4-A271-E3A79582584A}.Release|Any CPU.Build.0 = Release|Any CPU
		{2923FEE8-A21B-4DD0-A015-C638B65365F2}.Debug|Any CPU.ActiveCfg = Debug|Any CPU
		{2923FEE8-A21B-4DD0-A015-C638B65365F2}.Debug|Any CPU.Build.0 = Debug|Any CPU
		{2923FEE8-A21B-4DD0-A015-C638B65365F2}.Release|Any CPU.ActiveCfg = Release|Any CPU
		{2923FEE8-A21B-4DD0-A015-C638B65365F2}.Release|Any CPU.Build.0 = Release|Any CPU
		{7015289A-47F1-47E7-AC9C-FD969594D346}.Debug|Any CPU.ActiveCfg = Debug|Any CPU
		{7015289A-47F1-47E7-AC9C-FD969594D346}.Debug|Any CPU.Build.0 = Debug|Any CPU
		{7015289A-47F1-47E7-AC9C-FD969594D346}.Release|Any CPU.ActiveCfg = Release|Any CPU
		{7015289A-47F1-47E7-AC9C-FD969594D346}.Release|Any CPU.Build.0 = Release|Any CPU
		{637B3143-8D0D-44BB-8A53-68FDB3D15BEF}.Debug|Any CPU.ActiveCfg = Debug|Any CPU
		{637B3143-8D0D-44BB-8A53-68FDB3D15BEF}.Debug|Any CPU.Build.0 = Debug|Any CPU
		{637B3143-8D0D-44BB-8A53-68FDB3D15BEF}.Release|Any CPU.ActiveCfg = Release|Any CPU
		{637B3143-8D0D-44BB-8A53-68FDB3D15BEF}.Release|Any CPU.Build.0 = Release|Any CPU
		{55E89511-9879-451D-B23A-031A3411C9F1}.Debug|Any CPU.ActiveCfg = Debug|Any CPU
		{55E89511-9879-451D-B23A-031A3411C9F1}.Debug|Any CPU.Build.0 = Debug|Any CPU
		{55E89511-9879-451D-B23A-031A3411C9F1}.Release|Any CPU.ActiveCfg = Release|Any CPU
		{55E89511-9879-451D-B23A-031A3411C9F1}.Release|Any CPU.Build.0 = Release|Any CPU
		{8D8575AC-A245-4C08-9A85-5931570DD5CB}.Debug|Any CPU.ActiveCfg = Debug|Any CPU
		{8D8575AC-A245-4C08-9A85-5931570DD5CB}.Debug|Any CPU.Build.0 = Debug|Any CPU
		{8D8575AC-A245-4C08-9A85-5931570DD5CB}.Release|Any CPU.ActiveCfg = Release|Any CPU
		{8D8575AC-A245-4C08-9A85-5931570DD5CB}.Release|Any CPU.Build.0 = Release|Any CPU
	EndGlobalSection
	GlobalSection(SolutionProperties) = preSolution
		HideSolutionNode = FALSE
	EndGlobalSection
	GlobalSection(NestedProjects) = preSolution
		{E7ED6535-053A-40E4-A271-E3A79582584A} = {77C70B84-7F0C-4B68-A201-AF182B4807C3}
		{2923FEE8-A21B-4DD0-A015-C638B65365F2} = {77C70B84-7F0C-4B68-A201-AF182B4807C3}
		{7015289A-47F1-47E7-AC9C-FD969594D346} = {77C70B84-7F0C-4B68-A201-AF182B4807C3}
		{CA2B5A06-8337-446C-8824-96BFE5FA2359} = {8726A50C-F3AA-4368-920E-9280998BBFD6}
		{637B3143-8D0D-44BB-8A53-68FDB3D15BEF} = {CA2B5A06-8337-446C-8824-96BFE5FA2359}
		{55E89511-9879-451D-B23A-031A3411C9F1} = {CA2B5A06-8337-446C-8824-96BFE5FA2359}
		{8D8575AC-A245-4C08-9A85-5931570DD5CB} = {CA2B5A06-8337-446C-8824-96BFE5FA2359}
	EndGlobalSection
	GlobalSection(ExtensibilityGlobals) = postSolution
		SolutionGuid = {5188A40A-1185-4599-8D14-CEE531A1F8C4}
	EndGlobalSection
EndGlobal
