
Microsoft Visual Studio Solution File, Format Version 12.00
# Visual Studio 15
VisualStudioVersion = 15.0.26730.16
MinimumVisualStudioVersion = 10.0.40219.1
Project("{2150E333-8FDC-42A3-9474-1A3956D46DE8}") = "Infrastructure", "Infrastructure", "{9362E285-3C54-4A1A-99A6-FA23041614D7}"
EndProject
Project("{2150E333-8FDC-42A3-9474-1A3956D46DE8}") = "Plugs", "Plugs", "{F2F250F3-6D48-44FB-8FFC-95C2A8A0BEA2}"
EndProject
Project("{2150E333-8FDC-42A3-9474-1A3956D46DE8}") = "Tests", "Tests", "{5866E103-FFB4-4428-A631-41FEC0032619}"
EndProject
Project("{2150E333-8FDC-42A3-9474-1A3956D46DE8}") = "Layers", "Layers", "{9ECC2ABB-E495-4B30-9692-855035345985}"
EndProject
Project("{9A19103F-16F7-4668-BE54-9A1E7A4F7556}") = "OSS.Core.RepDapper", "OSS.Core.RepDapper\OSS.Core.RepDapper.csproj", "{4DDAC552-43F0-47FA-8B67-C1B210C25EA5}"
EndProject
Project("{9A19103F-16F7-4668-BE54-9A1E7A4F7556}") = "OSS.Core.Services", "OSS.Core.Services\OSS.Core.Services.csproj", "{10342C4F-9D58-44C3-8868-01471A51DFA2}"
EndProject
Project("{9A19103F-16F7-4668-BE54-9A1E7A4F7556}") = "OSS.Core.WebApi", "OSS.Core.WebApi\OSS.Core.WebApi.csproj", "{5F87417B-E77C-4D00-A459-A8ECA0D2C1E3}"
EndProject
Project("{9A19103F-16F7-4668-BE54-9A1E7A4F7556}") = "OSS.Core.Domains", "OSS.Core.Domains\OSS.Core.Domains.csproj", "{212C8305-B508-4464-84A5-0F3CF4FF6E7B}"
EndProject
Project("{9A19103F-16F7-4668-BE54-9A1E7A4F7556}") = "OSS.Plugs.RedisCache", "..\OSS.Plugs\OSS.Plugs.RedisCache\OSS.Plugs.RedisCache.csproj", "{438C6A04-261F-4A39-A31B-F23C93780C05}"
EndProject
Project("{9A19103F-16F7-4668-BE54-9A1E7A4F7556}") = "OSS.Plugs.TemplateMsg", "..\OSS.Plugs\OSS.Plugs.TemplateMsg\OSS.Plugs.TemplateMsg.csproj", "{EB2BFDE2-4521-469D-9FB3-66763EA01398}"
EndProject
Project("{9A19103F-16F7-4668-BE54-9A1E7A4F7556}") = "OSS.Core.RepTests", "Tests\OSS.Core.RepTests\OSS.Core.RepTests.csproj", "{E025A0B4-42E9-4532-AE3C-F37D0D1BABF2}"
EndProject
Project("{9A19103F-16F7-4668-BE54-9A1E7A4F7556}") = "OSS.Core.Infrastructure", "..\OSS.Infrastructure\OSS.Core.Infrastructure\OSS.Core.Infrastructure.csproj", "{567E9D3F-B9B0-4BAD-8287-69AAC85ABAE7}"
EndProject
Project("{FAE04EC0-301F-11D3-BF4B-00C04F79EFBC}") = "OSS.Plugs.OrmMysql", "..\OSS.Plugs\OSS.Plugs.OrmMysql\OSS.Plugs.OrmMysql.csproj", "{3411B46B-4420-4C3D-A651-1A4ABD36179B}"
EndProject
Global
	GlobalSection(SolutionConfigurationPlatforms) = preSolution
		Debug|Any CPU = Debug|Any CPU
		Release|Any CPU = Release|Any CPU
	EndGlobalSection
	GlobalSection(ProjectConfigurationPlatforms) = postSolution
		{4DDAC552-43F0-47FA-8B67-C1B210C25EA5}.Debug|Any CPU.ActiveCfg = Debug|Any CPU
		{4DDAC552-43F0-47FA-8B67-C1B210C25EA5}.Debug|Any CPU.Build.0 = Debug|Any CPU
		{4DDAC552-43F0-47FA-8B67-C1B210C25EA5}.Release|Any CPU.ActiveCfg = Release|Any CPU
		{4DDAC552-43F0-47FA-8B67-C1B210C25EA5}.Release|Any CPU.Build.0 = Release|Any CPU
		{10342C4F-9D58-44C3-8868-01471A51DFA2}.Debug|Any CPU.ActiveCfg = Debug|Any CPU
		{10342C4F-9D58-44C3-8868-01471A51DFA2}.Debug|Any CPU.Build.0 = Debug|Any CPU
		{10342C4F-9D58-44C3-8868-01471A51DFA2}.Release|Any CPU.ActiveCfg = Release|Any CPU
		{10342C4F-9D58-44C3-8868-01471A51DFA2}.Release|Any CPU.Build.0 = Release|Any CPU
		{5F87417B-E77C-4D00-A459-A8ECA0D2C1E3}.Debug|Any CPU.ActiveCfg = Debug|Any CPU
		{5F87417B-E77C-4D00-A459-A8ECA0D2C1E3}.Debug|Any CPU.Build.0 = Debug|Any CPU
		{5F87417B-E77C-4D00-A459-A8ECA0D2C1E3}.Release|Any CPU.ActiveCfg = Release|Any CPU
		{5F87417B-E77C-4D00-A459-A8ECA0D2C1E3}.Release|Any CPU.Build.0 = Release|Any CPU
		{212C8305-B508-4464-84A5-0F3CF4FF6E7B}.Debug|Any CPU.ActiveCfg = Debug|Any CPU
		{212C8305-B508-4464-84A5-0F3CF4FF6E7B}.Debug|Any CPU.Build.0 = Debug|Any CPU
		{212C8305-B508-4464-84A5-0F3CF4FF6E7B}.Release|Any CPU.ActiveCfg = Release|Any CPU
		{212C8305-B508-4464-84A5-0F3CF4FF6E7B}.Release|Any CPU.Build.0 = Release|Any CPU
		{438C6A04-261F-4A39-A31B-F23C93780C05}.Debug|Any CPU.ActiveCfg = Debug|Any CPU
		{438C6A04-261F-4A39-A31B-F23C93780C05}.Debug|Any CPU.Build.0 = Debug|Any CPU
		{438C6A04-261F-4A39-A31B-F23C93780C05}.Release|Any CPU.ActiveCfg = Release|Any CPU
		{438C6A04-261F-4A39-A31B-F23C93780C05}.Release|Any CPU.Build.0 = Release|Any CPU
		{EB2BFDE2-4521-469D-9FB3-66763EA01398}.Debug|Any CPU.ActiveCfg = Debug|Any CPU
		{EB2BFDE2-4521-469D-9FB3-66763EA01398}.Debug|Any CPU.Build.0 = Debug|Any CPU
		{EB2BFDE2-4521-469D-9FB3-66763EA01398}.Release|Any CPU.ActiveCfg = Release|Any CPU
		{EB2BFDE2-4521-469D-9FB3-66763EA01398}.Release|Any CPU.Build.0 = Release|Any CPU
		{E025A0B4-42E9-4532-AE3C-F37D0D1BABF2}.Debug|Any CPU.ActiveCfg = Debug|Any CPU
		{E025A0B4-42E9-4532-AE3C-F37D0D1BABF2}.Debug|Any CPU.Build.0 = Debug|Any CPU
		{E025A0B4-42E9-4532-AE3C-F37D0D1BABF2}.Release|Any CPU.ActiveCfg = Release|Any CPU
		{E025A0B4-42E9-4532-AE3C-F37D0D1BABF2}.Release|Any CPU.Build.0 = Release|Any CPU
		{567E9D3F-B9B0-4BAD-8287-69AAC85ABAE7}.Debug|Any CPU.ActiveCfg = Debug|Any CPU
		{567E9D3F-B9B0-4BAD-8287-69AAC85ABAE7}.Debug|Any CPU.Build.0 = Debug|Any CPU
		{567E9D3F-B9B0-4BAD-8287-69AAC85ABAE7}.Release|Any CPU.ActiveCfg = Release|Any CPU
		{567E9D3F-B9B0-4BAD-8287-69AAC85ABAE7}.Release|Any CPU.Build.0 = Release|Any CPU
		{3411B46B-4420-4C3D-A651-1A4ABD36179B}.Debug|Any CPU.ActiveCfg = Debug|Any CPU
		{3411B46B-4420-4C3D-A651-1A4ABD36179B}.Debug|Any CPU.Build.0 = Debug|Any CPU
		{3411B46B-4420-4C3D-A651-1A4ABD36179B}.Release|Any CPU.ActiveCfg = Release|Any CPU
		{3411B46B-4420-4C3D-A651-1A4ABD36179B}.Release|Any CPU.Build.0 = Release|Any CPU
	EndGlobalSection
	GlobalSection(SolutionProperties) = preSolution
		HideSolutionNode = FALSE
	EndGlobalSection
	GlobalSection(NestedProjects) = preSolution
		{4DDAC552-43F0-47FA-8B67-C1B210C25EA5} = {9ECC2ABB-E495-4B30-9692-855035345985}
		{10342C4F-9D58-44C3-8868-01471A51DFA2} = {9ECC2ABB-E495-4B30-9692-855035345985}
		{5F87417B-E77C-4D00-A459-A8ECA0D2C1E3} = {9ECC2ABB-E495-4B30-9692-855035345985}
		{212C8305-B508-4464-84A5-0F3CF4FF6E7B} = {9ECC2ABB-E495-4B30-9692-855035345985}
		{438C6A04-261F-4A39-A31B-F23C93780C05} = {F2F250F3-6D48-44FB-8FFC-95C2A8A0BEA2}
		{EB2BFDE2-4521-469D-9FB3-66763EA01398} = {F2F250F3-6D48-44FB-8FFC-95C2A8A0BEA2}
		{E025A0B4-42E9-4532-AE3C-F37D0D1BABF2} = {5866E103-FFB4-4428-A631-41FEC0032619}
		{567E9D3F-B9B0-4BAD-8287-69AAC85ABAE7} = {9362E285-3C54-4A1A-99A6-FA23041614D7}
		{3411B46B-4420-4C3D-A651-1A4ABD36179B} = {F2F250F3-6D48-44FB-8FFC-95C2A8A0BEA2}
	EndGlobalSection
	GlobalSection(ExtensibilityGlobals) = postSolution
		SolutionGuid = {E356687B-12E0-4C93-8CC3-723939BA2395}
	EndGlobalSection
EndGlobal
