
Microsoft Visual Studio Solution File, Format Version 12.00
# Visual Studio Version 17
VisualStudioVersion = 17.1.32421.90
MinimumVisualStudioVersion = 10.0.40219.1
Project("{2150E333-8FDC-42A3-9474-1A3956D46DE8}") = "20.Modules", "20.Modules", "{C86F4375-7438-441C-9638-2F0E3E3BD033}"
EndProject
Project("{2150E333-8FDC-42A3-9474-1A3956D46DE8}") = "Portal", "Portal", "{967D50BD-CBEB-421A-9E39-6E3E012CA084}"
EndProject
Project("{2150E333-8FDC-42A3-9474-1A3956D46DE8}") = "10.Framework", "10.Framework", "{546A4D59-015D-4817-A71D-DD549BD7CDC6}"
EndProject
Project("{2150E333-8FDC-42A3-9474-1A3956D46DE8}") = "00.Docs", "00.Docs", "{7626FCB2-E752-4F91-9B0B-C1D60D945ABA}"
EndProject
Project("{2150E333-8FDC-42A3-9474-1A3956D46DE8}") = "Shared", "Shared", "{FB78DB10-3EEF-4A88-A022-FE2AB3855BB3}"
EndProject
Project("{9A19103F-16F7-4668-BE54-9A1E7A4F7556}") = "OSS.Core.Portal.Shared.Domain", "Modules\Portal\Shared\OSS.Core.Portal.Shared.Domain\OSS.Core.Portal.Shared.Domain.csproj", "{1EB2A4BA-1B52-4D44-8D3C-1EA2032B5BCE}"
EndProject
Project("{9A19103F-16F7-4668-BE54-9A1E7A4F7556}") = "OSS.Core.Portal.Domain", "Modules\Portal\OSS.Core.Portal.Domain\OSS.Core.Portal.Domain.csproj", "{1A473ACB-2700-48B6-BD7B-A0E7C2057F5C}"
EndProject
Project("{9A19103F-16F7-4668-BE54-9A1E7A4F7556}") = "OSS.Core.Portal.WebApi", "Modules\Portal\OSS.Core.Portal.WebApi\OSS.Core.Portal.WebApi.csproj", "{1B06DDC1-D22E-44D5-A2B5-9C4ED738E80D}"
EndProject
Project("{9A19103F-16F7-4668-BE54-9A1E7A4F7556}") = "OSS.Core.Portal.Service", "Modules\Portal\OSS.Core.Portal.Service\OSS.Core.Portal.Service.csproj", "{0B6B764C-E1CA-4045-87C5-E688249A8909}"
EndProject
Project("{2150E333-8FDC-42A3-9474-1A3956D46DE8}") = "Context", "Context", "{C54F75F0-3E55-436D-8662-202F153DA5F4}"
EndProject
Project("{2150E333-8FDC-42A3-9474-1A3956D46DE8}") = "Core", "Core", "{EA7BC635-3993-40F0-AD02-10A81E537425}"
EndProject
Project("{9A19103F-16F7-4668-BE54-9A1E7A4F7556}") = "OSS.Core.Context", "Framework\Context\OSS.Core.Context\OSS.Core.Context.csproj", "{3B2084A8-4803-4557-AB7C-C6B4E60303D7}"
EndProject
Project("{9A19103F-16F7-4668-BE54-9A1E7A4F7556}") = "OSS.Core.Context.Attributes", "Framework\Context\OSS.Core.Context.Attributes\OSS.Core.Context.Attributes.csproj", "{A00677ED-7152-4367-BDF0-96C461228763}"
EndProject
Project("{9A19103F-16F7-4668-BE54-9A1E7A4F7556}") = "OSS.Core.Portal.Shared.Client.Http", "Modules\Portal\Shared\OSS.Core.Portal.Shared.Client.Http\OSS.Core.Portal.Shared.Client.Http.csproj", "{9E23F0A5-7E30-4E05-A53D-0D76D3E0B20C}"
EndProject
Project("{9A19103F-16F7-4668-BE54-9A1E7A4F7556}") = "OSS.Core.Domain", "Framework\Core\OSS.Core.Domain\OSS.Core.Domain.csproj", "{F49FAF64-8CCB-4C1A-B669-51C817B880AC}"
EndProject
Project("{2150E333-8FDC-42A3-9474-1A3956D46DE8}") = "Shared", "Shared", "{5722D016-694C-46B8-8AF9-3D8378C4CBE7}"
EndProject
Project("{9A19103F-16F7-4668-BE54-9A1E7A4F7556}") = "OSS.Core.Shared.Domain", "Framework\Core\Shared\OSS.Core.Shared.Domain\OSS.Core.Shared.Domain.csproj", "{1FA2F2C1-4A70-42F2-A0F5-B137716C4FF1}"
EndProject
Project("{2150E333-8FDC-42A3-9474-1A3956D46DE8}") = "ORM", "ORM", "{042A55E5-F54F-4149-BC34-5654FAED6EED}"
EndProject
Project("{9A19103F-16F7-4668-BE54-9A1E7A4F7556}") = "OSS.Core.ORM.Dapper", "Framework\ORM\OSS.Core.ORM.Dapper\OSS.Core.ORM.Dapper.csproj", "{1AF43BCD-9205-4D98-924F-642BE2C4AAF1}"
EndProject
Project("{9A19103F-16F7-4668-BE54-9A1E7A4F7556}") = "OSS.Core.Rep.Mysql", "Framework\Core\OSS.Core.Rep.Mysql\OSS.Core.Rep.Mysql.csproj", "{ACAA6724-3265-4CA7-86EB-356053DF6C59}"
EndProject
Project("{2150E333-8FDC-42A3-9474-1A3956D46DE8}") = "Extension", "Extension", "{28E93178-0FF5-487A-94FD-2D28F9557C6D}"
EndProject
Project("{9A19103F-16F7-4668-BE54-9A1E7A4F7556}") = "OSS.Core.Extension.Cache", "Framework\Extension\OSS.Core.Extension.Cache\OSS.Core.Extension.Cache.csproj", "{26BEDC68-BFE2-4A80-AF32-73478953237A}"
EndProject
Project("{9A19103F-16F7-4668-BE54-9A1E7A4F7556}") = "OSS.Core.Extension.PassToken", "Framework\Extension\OSS.Core.Extension.PassToken\OSS.Core.Extension.PassToken.csproj", "{83877A59-D96D-4E88-ADA4-9DEABAC907A0}"
EndProject
Project("{FAE04EC0-301F-11D3-BF4B-00C04F79EFBC}") = "OSS.Core.Portal.Shared.IService", "Modules\Portal\Shared\OSS.Core.Portal.Shared.IService\OSS.Core.Portal.Shared.IService.csproj", "{1BB6A495-BDF2-4B1F-84A7-508FB6A1D257}"
EndProject
Global
	GlobalSection(SolutionConfigurationPlatforms) = preSolution
		Debug|Any CPU = Debug|Any CPU
		Release|Any CPU = Release|Any CPU
	EndGlobalSection
	GlobalSection(ProjectConfigurationPlatforms) = postSolution
		{1EB2A4BA-1B52-4D44-8D3C-1EA2032B5BCE}.Debug|Any CPU.ActiveCfg = Debug|Any CPU
		{1EB2A4BA-1B52-4D44-8D3C-1EA2032B5BCE}.Debug|Any CPU.Build.0 = Debug|Any CPU
		{1EB2A4BA-1B52-4D44-8D3C-1EA2032B5BCE}.Release|Any CPU.ActiveCfg = Release|Any CPU
		{1EB2A4BA-1B52-4D44-8D3C-1EA2032B5BCE}.Release|Any CPU.Build.0 = Release|Any CPU
		{1A473ACB-2700-48B6-BD7B-A0E7C2057F5C}.Debug|Any CPU.ActiveCfg = Debug|Any CPU
		{1A473ACB-2700-48B6-BD7B-A0E7C2057F5C}.Debug|Any CPU.Build.0 = Debug|Any CPU
		{1A473ACB-2700-48B6-BD7B-A0E7C2057F5C}.Release|Any CPU.ActiveCfg = Release|Any CPU
		{1A473ACB-2700-48B6-BD7B-A0E7C2057F5C}.Release|Any CPU.Build.0 = Release|Any CPU
		{1B06DDC1-D22E-44D5-A2B5-9C4ED738E80D}.Debug|Any CPU.ActiveCfg = Debug|Any CPU
		{1B06DDC1-D22E-44D5-A2B5-9C4ED738E80D}.Debug|Any CPU.Build.0 = Debug|Any CPU
		{1B06DDC1-D22E-44D5-A2B5-9C4ED738E80D}.Release|Any CPU.ActiveCfg = Release|Any CPU
		{1B06DDC1-D22E-44D5-A2B5-9C4ED738E80D}.Release|Any CPU.Build.0 = Release|Any CPU
		{0B6B764C-E1CA-4045-87C5-E688249A8909}.Debug|Any CPU.ActiveCfg = Debug|Any CPU
		{0B6B764C-E1CA-4045-87C5-E688249A8909}.Debug|Any CPU.Build.0 = Debug|Any CPU
		{0B6B764C-E1CA-4045-87C5-E688249A8909}.Release|Any CPU.ActiveCfg = Release|Any CPU
		{0B6B764C-E1CA-4045-87C5-E688249A8909}.Release|Any CPU.Build.0 = Release|Any CPU
		{3B2084A8-4803-4557-AB7C-C6B4E60303D7}.Debug|Any CPU.ActiveCfg = Release|Any CPU
		{3B2084A8-4803-4557-AB7C-C6B4E60303D7}.Debug|Any CPU.Build.0 = Release|Any CPU
		{3B2084A8-4803-4557-AB7C-C6B4E60303D7}.Release|Any CPU.ActiveCfg = Release|Any CPU
		{3B2084A8-4803-4557-AB7C-C6B4E60303D7}.Release|Any CPU.Build.0 = Release|Any CPU
		{A00677ED-7152-4367-BDF0-96C461228763}.Debug|Any CPU.ActiveCfg = Release|Any CPU
		{A00677ED-7152-4367-BDF0-96C461228763}.Debug|Any CPU.Build.0 = Release|Any CPU
		{A00677ED-7152-4367-BDF0-96C461228763}.Release|Any CPU.ActiveCfg = Release|Any CPU
		{A00677ED-7152-4367-BDF0-96C461228763}.Release|Any CPU.Build.0 = Release|Any CPU
		{9E23F0A5-7E30-4E05-A53D-0D76D3E0B20C}.Debug|Any CPU.ActiveCfg = Debug|Any CPU
		{9E23F0A5-7E30-4E05-A53D-0D76D3E0B20C}.Debug|Any CPU.Build.0 = Debug|Any CPU
		{9E23F0A5-7E30-4E05-A53D-0D76D3E0B20C}.Release|Any CPU.ActiveCfg = Release|Any CPU
		{9E23F0A5-7E30-4E05-A53D-0D76D3E0B20C}.Release|Any CPU.Build.0 = Release|Any CPU
		{F49FAF64-8CCB-4C1A-B669-51C817B880AC}.Debug|Any CPU.ActiveCfg = Release|Any CPU
		{F49FAF64-8CCB-4C1A-B669-51C817B880AC}.Debug|Any CPU.Build.0 = Release|Any CPU
		{F49FAF64-8CCB-4C1A-B669-51C817B880AC}.Release|Any CPU.ActiveCfg = Release|Any CPU
		{F49FAF64-8CCB-4C1A-B669-51C817B880AC}.Release|Any CPU.Build.0 = Release|Any CPU
		{1FA2F2C1-4A70-42F2-A0F5-B137716C4FF1}.Debug|Any CPU.ActiveCfg = Debug|Any CPU
		{1FA2F2C1-4A70-42F2-A0F5-B137716C4FF1}.Debug|Any CPU.Build.0 = Debug|Any CPU
		{1FA2F2C1-4A70-42F2-A0F5-B137716C4FF1}.Release|Any CPU.ActiveCfg = Release|Any CPU
		{1FA2F2C1-4A70-42F2-A0F5-B137716C4FF1}.Release|Any CPU.Build.0 = Release|Any CPU
		{1AF43BCD-9205-4D98-924F-642BE2C4AAF1}.Debug|Any CPU.ActiveCfg = Debug|Any CPU
		{1AF43BCD-9205-4D98-924F-642BE2C4AAF1}.Debug|Any CPU.Build.0 = Debug|Any CPU
		{1AF43BCD-9205-4D98-924F-642BE2C4AAF1}.Release|Any CPU.ActiveCfg = Release|Any CPU
		{1AF43BCD-9205-4D98-924F-642BE2C4AAF1}.Release|Any CPU.Build.0 = Release|Any CPU
		{ACAA6724-3265-4CA7-86EB-356053DF6C59}.Debug|Any CPU.ActiveCfg = Debug|Any CPU
		{ACAA6724-3265-4CA7-86EB-356053DF6C59}.Debug|Any CPU.Build.0 = Debug|Any CPU
		{ACAA6724-3265-4CA7-86EB-356053DF6C59}.Release|Any CPU.ActiveCfg = Release|Any CPU
		{ACAA6724-3265-4CA7-86EB-356053DF6C59}.Release|Any CPU.Build.0 = Release|Any CPU
		{26BEDC68-BFE2-4A80-AF32-73478953237A}.Debug|Any CPU.ActiveCfg = Debug|Any CPU
		{26BEDC68-BFE2-4A80-AF32-73478953237A}.Debug|Any CPU.Build.0 = Debug|Any CPU
		{26BEDC68-BFE2-4A80-AF32-73478953237A}.Release|Any CPU.ActiveCfg = Release|Any CPU
		{26BEDC68-BFE2-4A80-AF32-73478953237A}.Release|Any CPU.Build.0 = Release|Any CPU
		{83877A59-D96D-4E88-ADA4-9DEABAC907A0}.Debug|Any CPU.ActiveCfg = Debug|Any CPU
		{83877A59-D96D-4E88-ADA4-9DEABAC907A0}.Debug|Any CPU.Build.0 = Debug|Any CPU
		{83877A59-D96D-4E88-ADA4-9DEABAC907A0}.Release|Any CPU.ActiveCfg = Release|Any CPU
		{83877A59-D96D-4E88-ADA4-9DEABAC907A0}.Release|Any CPU.Build.0 = Release|Any CPU
		{1BB6A495-BDF2-4B1F-84A7-508FB6A1D257}.Debug|Any CPU.ActiveCfg = Debug|Any CPU
		{1BB6A495-BDF2-4B1F-84A7-508FB6A1D257}.Debug|Any CPU.Build.0 = Debug|Any CPU
		{1BB6A495-BDF2-4B1F-84A7-508FB6A1D257}.Release|Any CPU.ActiveCfg = Release|Any CPU
		{1BB6A495-BDF2-4B1F-84A7-508FB6A1D257}.Release|Any CPU.Build.0 = Release|Any CPU
	EndGlobalSection
	GlobalSection(SolutionProperties) = preSolution
		HideSolutionNode = FALSE
	EndGlobalSection
	GlobalSection(NestedProjects) = preSolution
		{967D50BD-CBEB-421A-9E39-6E3E012CA084} = {C86F4375-7438-441C-9638-2F0E3E3BD033}
		{FB78DB10-3EEF-4A88-A022-FE2AB3855BB3} = {967D50BD-CBEB-421A-9E39-6E3E012CA084}
		{1EB2A4BA-1B52-4D44-8D3C-1EA2032B5BCE} = {FB78DB10-3EEF-4A88-A022-FE2AB3855BB3}
		{1A473ACB-2700-48B6-BD7B-A0E7C2057F5C} = {967D50BD-CBEB-421A-9E39-6E3E012CA084}
		{1B06DDC1-D22E-44D5-A2B5-9C4ED738E80D} = {967D50BD-CBEB-421A-9E39-6E3E012CA084}
		{0B6B764C-E1CA-4045-87C5-E688249A8909} = {967D50BD-CBEB-421A-9E39-6E3E012CA084}
		{C54F75F0-3E55-436D-8662-202F153DA5F4} = {546A4D59-015D-4817-A71D-DD549BD7CDC6}
		{EA7BC635-3993-40F0-AD02-10A81E537425} = {546A4D59-015D-4817-A71D-DD549BD7CDC6}
		{3B2084A8-4803-4557-AB7C-C6B4E60303D7} = {C54F75F0-3E55-436D-8662-202F153DA5F4}
		{A00677ED-7152-4367-BDF0-96C461228763} = {C54F75F0-3E55-436D-8662-202F153DA5F4}
		{9E23F0A5-7E30-4E05-A53D-0D76D3E0B20C} = {FB78DB10-3EEF-4A88-A022-FE2AB3855BB3}
		{F49FAF64-8CCB-4C1A-B669-51C817B880AC} = {EA7BC635-3993-40F0-AD02-10A81E537425}
		{5722D016-694C-46B8-8AF9-3D8378C4CBE7} = {EA7BC635-3993-40F0-AD02-10A81E537425}
		{1FA2F2C1-4A70-42F2-A0F5-B137716C4FF1} = {5722D016-694C-46B8-8AF9-3D8378C4CBE7}
		{042A55E5-F54F-4149-BC34-5654FAED6EED} = {546A4D59-015D-4817-A71D-DD549BD7CDC6}
		{1AF43BCD-9205-4D98-924F-642BE2C4AAF1} = {042A55E5-F54F-4149-BC34-5654FAED6EED}
		{ACAA6724-3265-4CA7-86EB-356053DF6C59} = {EA7BC635-3993-40F0-AD02-10A81E537425}
		{28E93178-0FF5-487A-94FD-2D28F9557C6D} = {546A4D59-015D-4817-A71D-DD549BD7CDC6}
		{26BEDC68-BFE2-4A80-AF32-73478953237A} = {28E93178-0FF5-487A-94FD-2D28F9557C6D}
		{83877A59-D96D-4E88-ADA4-9DEABAC907A0} = {28E93178-0FF5-487A-94FD-2D28F9557C6D}
		{1BB6A495-BDF2-4B1F-84A7-508FB6A1D257} = {FB78DB10-3EEF-4A88-A022-FE2AB3855BB3}
	EndGlobalSection
	GlobalSection(ExtensibilityGlobals) = postSolution
		SolutionGuid = {8AD3085F-6CCB-4A89-9F6F-5084D6AD891A}
	EndGlobalSection
EndGlobal
