
Microsoft Visual Studio Solution File, Format Version 12.00
# Visual Studio Version 17
VisualStudioVersion = 17.2.32616.157
MinimumVisualStudioVersion = 10.0.40219.1
Project("{2150E333-8FDC-42A3-9474-1A3956D46DE8}") = "Open", "Open", "{77C70B84-7F0C-4B68-A201-AF182B4807C3}"
EndProject
Project("{9A19103F-16F7-4668-BE54-9A1E7A4F7556}") = "TM.WMS.Domain.Open", "Open\TM.WMS.Domain.Open\TM.WMS.Domain.Open.csproj", "{9541B8E3-F124-40DD-97D1-5D2966F1F0F3}"
EndProject
Project("{9A19103F-16F7-4668-BE54-9A1E7A4F7556}") = "TM.WMS.Service.Open", "Open\TM.WMS.Service.Open\TM.WMS.Service.Open.csproj", "{C279B457-1AAD-416E-B6C6-8EB9F2EC97BB}"
EndProject
Project("{9A19103F-16F7-4668-BE54-9A1E7A4F7556}") = "TM.WMS.Client.Http", "Open\TM.WMS.Client.Http\TM.WMS.Client.Http.csproj", "{53C93935-E5F0-4BA4-8993-3A8A81FE80D9}"
EndProject
Project("{9A19103F-16F7-4668-BE54-9A1E7A4F7556}") = "TM.WMS.Domain", "TM.WMS.Domain\TM.WMS.Domain.csproj", "{D8CDC11C-3D74-4179-A520-341155E5B3C8}"
EndProject
Project("{9A19103F-16F7-4668-BE54-9A1E7A4F7556}") = "TM.WMS.Service", "TM.WMS.Service\TM.WMS.Service.csproj", "{C086E544-081A-4D2B-9B38-EC26613DAA07}"
EndProject
Project("{9A19103F-16F7-4668-BE54-9A1E7A4F7556}") = "TM.WMS.WebApi", "TM.WMS.WebApi\TM.WMS.WebApi.csproj", "{15DED356-045B-40FC-92CB-56F00D47352E}"
EndProject
Project("{2150E333-8FDC-42A3-9474-1A3956D46DE8}") = "Tests", "Tests", "{7F483625-C21B-4077-B5DF-60ED8BC9E935}"
EndProject
Project("{FAE04EC0-301F-11D3-BF4B-00C04F79EFBC}") = "TM.WMS.Tests", "Tests\TM.WMS.Tests\TM.WMS.Tests.csproj", "{7C3C2F6B-3C2B-445E-B06C-D1652F965280}"
EndProject
Global
	GlobalSection(SolutionConfigurationPlatforms) = preSolution
		Debug|Any CPU = Debug|Any CPU
		Release|Any CPU = Release|Any CPU
	EndGlobalSection
	GlobalSection(ProjectConfigurationPlatforms) = postSolution
		{9541B8E3-F124-40DD-97D1-5D2966F1F0F3}.Debug|Any CPU.ActiveCfg = Debug|Any CPU
		{9541B8E3-F124-40DD-97D1-5D2966F1F0F3}.Debug|Any CPU.Build.0 = Debug|Any CPU
		{9541B8E3-F124-40DD-97D1-5D2966F1F0F3}.Release|Any CPU.ActiveCfg = Release|Any CPU
		{9541B8E3-F124-40DD-97D1-5D2966F1F0F3}.Release|Any CPU.Build.0 = Release|Any CPU
		{C279B457-1AAD-416E-B6C6-8EB9F2EC97BB}.Debug|Any CPU.ActiveCfg = Debug|Any CPU
		{C279B457-1AAD-416E-B6C6-8EB9F2EC97BB}.Debug|Any CPU.Build.0 = Debug|Any CPU
		{C279B457-1AAD-416E-B6C6-8EB9F2EC97BB}.Release|Any CPU.ActiveCfg = Release|Any CPU
		{C279B457-1AAD-416E-B6C6-8EB9F2EC97BB}.Release|Any CPU.Build.0 = Release|Any CPU
		{53C93935-E5F0-4BA4-8993-3A8A81FE80D9}.Debug|Any CPU.ActiveCfg = Debug|Any CPU
		{53C93935-E5F0-4BA4-8993-3A8A81FE80D9}.Debug|Any CPU.Build.0 = Debug|Any CPU
		{53C93935-E5F0-4BA4-8993-3A8A81FE80D9}.Release|Any CPU.ActiveCfg = Release|Any CPU
		{53C93935-E5F0-4BA4-8993-3A8A81FE80D9}.Release|Any CPU.Build.0 = Release|Any CPU
		{D8CDC11C-3D74-4179-A520-341155E5B3C8}.Debug|Any CPU.ActiveCfg = Debug|Any CPU
		{D8CDC11C-3D74-4179-A520-341155E5B3C8}.Debug|Any CPU.Build.0 = Debug|Any CPU
		{D8CDC11C-3D74-4179-A520-341155E5B3C8}.Release|Any CPU.ActiveCfg = Release|Any CPU
		{D8CDC11C-3D74-4179-A520-341155E5B3C8}.Release|Any CPU.Build.0 = Release|Any CPU
		{C086E544-081A-4D2B-9B38-EC26613DAA07}.Debug|Any CPU.ActiveCfg = Debug|Any CPU
		{C086E544-081A-4D2B-9B38-EC26613DAA07}.Debug|Any CPU.Build.0 = Debug|Any CPU
		{C086E544-081A-4D2B-9B38-EC26613DAA07}.Release|Any CPU.ActiveCfg = Release|Any CPU
		{C086E544-081A-4D2B-9B38-EC26613DAA07}.Release|Any CPU.Build.0 = Release|Any CPU
		{15DED356-045B-40FC-92CB-56F00D47352E}.Debug|Any CPU.ActiveCfg = Debug|Any CPU
		{15DED356-045B-40FC-92CB-56F00D47352E}.Debug|Any CPU.Build.0 = Debug|Any CPU
		{15DED356-045B-40FC-92CB-56F00D47352E}.Release|Any CPU.ActiveCfg = Release|Any CPU
		{15DED356-045B-40FC-92CB-56F00D47352E}.Release|Any CPU.Build.0 = Release|Any CPU
		{7C3C2F6B-3C2B-445E-B06C-D1652F965280}.Debug|Any CPU.ActiveCfg = Debug|Any CPU
		{7C3C2F6B-3C2B-445E-B06C-D1652F965280}.Debug|Any CPU.Build.0 = Debug|Any CPU
		{7C3C2F6B-3C2B-445E-B06C-D1652F965280}.Release|Any CPU.ActiveCfg = Release|Any CPU
		{7C3C2F6B-3C2B-445E-B06C-D1652F965280}.Release|Any CPU.Build.0 = Release|Any CPU
	EndGlobalSection
	GlobalSection(SolutionProperties) = preSolution
		HideSolutionNode = FALSE
	EndGlobalSection
	GlobalSection(NestedProjects) = preSolution
		{9541B8E3-F124-40DD-97D1-5D2966F1F0F3} = {77C70B84-7F0C-4B68-A201-AF182B4807C3}
		{C279B457-1AAD-416E-B6C6-8EB9F2EC97BB} = {77C70B84-7F0C-4B68-A201-AF182B4807C3}
		{53C93935-E5F0-4BA4-8993-3A8A81FE80D9} = {77C70B84-7F0C-4B68-A201-AF182B4807C3}
		{7C3C2F6B-3C2B-445E-B06C-D1652F965280} = {7F483625-C21B-4077-B5DF-60ED8BC9E935}
	EndGlobalSection
	GlobalSection(ExtensibilityGlobals) = postSolution
		SolutionGuid = {F8F863C4-39DE-4148-9099-1518AF875FC0}
	EndGlobalSection
EndGlobal
