
Microsoft Visual Studio Solution File, Format Version 12.00
# Visual Studio Version 17
VisualStudioVersion = 17.2.32616.157
MinimumVisualStudioVersion = 10.0.40219.1
Project("{2150E333-8FDC-42A3-9474-1A3956D46DE8}") = "0.Context", "0.Context", "{E76FB542-CC39-41B2-9C68-39B986842DA4}"
EndProject
Project("{2150E333-8FDC-42A3-9474-1A3956D46DE8}") = "1.Extension", "1.Extension", "{12243D6E-3A04-4EB5-B279-BC0F2CDCC431}"
EndProject
Project("{2150E333-8FDC-42A3-9474-1A3956D46DE8}") = "2.Core", "2.Core", "{667908B2-257B-4245-9B2A-CA627EEB16B0}"
EndProject
Project("{2150E333-8FDC-42A3-9474-1A3956D46DE8}") = "3.Component", "3.Component", "{25B61455-3B41-4810-8055-622B2138B06F}"
EndProject
Project("{9A19103F-16F7-4668-BE54-9A1E7A4F7556}") = "OSS.Core.Context", "Context\OSS.Core.Context\OSS.Core.Context.csproj", "{034A6927-7F94-409A-B44C-6E6836BE1DB3}"
EndProject
Project("{9A19103F-16F7-4668-BE54-9A1E7A4F7556}") = "OSS.Core.Context.Attributes", "Context\OSS.Core.Context.Attributes\OSS.Core.Context.Attributes.csproj", "{6DABE602-0712-4840-AA21-28FB2DC00891}"
EndProject
Project("{2150E333-8FDC-42A3-9474-1A3956D46DE8}") = "Mvc", "Mvc", "{67642C18-5535-4EC2-9E53-19C737B1D70B}"
EndProject
Project("{9A19103F-16F7-4668-BE54-9A1E7A4F7556}") = "OSS.Core.Extension.Cache", "Extension\OSS.Core.Extension.Cache\OSS.Core.Extension.Cache.csproj", "{9430A624-9932-4C37-9170-757EA12D50FF}"
EndProject
Project("{9A19103F-16F7-4668-BE54-9A1E7A4F7556}") = "OSS.Core.Extension.PassToken", "Extension\OSS.Core.Extension.PassToken\OSS.Core.Extension.PassToken.csproj", "{D8A9BA5A-C1E1-4AC9-A84E-9ABE72417590}"
EndProject
Project("{9A19103F-16F7-4668-BE54-9A1E7A4F7556}") = "OSS.Core.Extension.Mvc.Captcha", "Extension\OSS.Core.Extension.Mvc.Captcha\OSS.Core.Extension.Mvc.Captcha.csproj", "{A3F295E4-84E2-4F79-B41A-F5495B21F171}"
EndProject
Project("{9A19103F-16F7-4668-BE54-9A1E7A4F7556}") = "OSS.Core.Extension.Mvc.Captcha.Ali", "Extension\OSS.Core.Extension.Mvc.Captcha.Ali\OSS.Core.Extension.Mvc.Captcha.Ali.csproj", "{FF11A1AC-4FB7-43D1-82A6-936A2CAC099F}"
EndProject
Project("{9A19103F-16F7-4668-BE54-9A1E7A4F7556}") = "OSS.Core.Domain", "Core\OSS.Core.Domain\OSS.Core.Domain.csproj", "{30E8954A-4647-4C4B-963B-2D038CA698A6}"
EndProject
Project("{2150E333-8FDC-42A3-9474-1A3956D46DE8}") = "Opened", "Opened", "{9BF1B103-9A9B-4DB1-8DFC-3D9452F11AB3}"
EndProject
Project("{9A19103F-16F7-4668-BE54-9A1E7A4F7556}") = "OSS.Core.Domain.Opened", "Core\Opened\OSS.Core.Domain.Opened\OSS.Core.Domain.Opened.csproj", "{D66D02CB-11C5-491A-8174-4B543753368D}"
EndProject
Project("{9A19103F-16F7-4668-BE54-9A1E7A4F7556}") = "OSS.Core.Client.Http", "Core\Opened\OSS.Core.Client.Http\OSS.Core.Client.Http.csproj", "{700B48D0-52B9-4174-AC6B-B9BEEB3446A3}"
EndProject
Project("{9A19103F-16F7-4668-BE54-9A1E7A4F7556}") = "OSS.Core.Rep.Dapper", "Core\Repository\OSS.Core.Rep.Dapper\OSS.Core.Rep.Dapper.csproj", "{E690DC2F-AF20-4224-BD74-0128C679AA9F}"
EndProject
Project("{9A19103F-16F7-4668-BE54-9A1E7A4F7556}") = "OSS.Core.Rep.Dapper.Mysql", "Core\Repository\OSS.Core.Rep.Dapper.Mysql\OSS.Core.Rep.Dapper.Mysql.csproj", "{FD9D123B-AE16-4E51-B582-58E9383B1003}"
EndProject
Project("{2150E333-8FDC-42A3-9474-1A3956D46DE8}") = "Repository", "Repository", "{A29DAE78-7D61-43ED-A16C-77E79F28E42B}"
EndProject
Project("{9A19103F-16F7-4668-BE54-9A1E7A4F7556}") = "OSS.Core.Comp.DirConfig.Mysql", "Component\OSS.Core.Comp.DirConfig.Mysql\OSS.Core.Comp.DirConfig.Mysql.csproj", "{CD9F7B8A-2319-4CB3-9F19-BE3ADBD04C58}"
EndProject
Global
	GlobalSection(SolutionConfigurationPlatforms) = preSolution
		Debug|Any CPU = Debug|Any CPU
		Release|Any CPU = Release|Any CPU
	EndGlobalSection
	GlobalSection(ProjectConfigurationPlatforms) = postSolution
		{034A6927-7F94-409A-B44C-6E6836BE1DB3}.Debug|Any CPU.ActiveCfg = Release|Any CPU
		{034A6927-7F94-409A-B44C-6E6836BE1DB3}.Debug|Any CPU.Build.0 = Release|Any CPU
		{034A6927-7F94-409A-B44C-6E6836BE1DB3}.Release|Any CPU.ActiveCfg = Release|Any CPU
		{034A6927-7F94-409A-B44C-6E6836BE1DB3}.Release|Any CPU.Build.0 = Release|Any CPU
		{6DABE602-0712-4840-AA21-28FB2DC00891}.Debug|Any CPU.ActiveCfg = Release|Any CPU
		{6DABE602-0712-4840-AA21-28FB2DC00891}.Debug|Any CPU.Build.0 = Release|Any CPU
		{6DABE602-0712-4840-AA21-28FB2DC00891}.Release|Any CPU.ActiveCfg = Release|Any CPU
		{6DABE602-0712-4840-AA21-28FB2DC00891}.Release|Any CPU.Build.0 = Release|Any CPU
		{9430A624-9932-4C37-9170-757EA12D50FF}.Debug|Any CPU.ActiveCfg = Release|Any CPU
		{9430A624-9932-4C37-9170-757EA12D50FF}.Debug|Any CPU.Build.0 = Release|Any CPU
		{9430A624-9932-4C37-9170-757EA12D50FF}.Release|Any CPU.ActiveCfg = Release|Any CPU
		{9430A624-9932-4C37-9170-757EA12D50FF}.Release|Any CPU.Build.0 = Release|Any CPU
		{D8A9BA5A-C1E1-4AC9-A84E-9ABE72417590}.Debug|Any CPU.ActiveCfg = Release|Any CPU
		{D8A9BA5A-C1E1-4AC9-A84E-9ABE72417590}.Debug|Any CPU.Build.0 = Release|Any CPU
		{D8A9BA5A-C1E1-4AC9-A84E-9ABE72417590}.Release|Any CPU.ActiveCfg = Release|Any CPU
		{D8A9BA5A-C1E1-4AC9-A84E-9ABE72417590}.Release|Any CPU.Build.0 = Release|Any CPU
		{A3F295E4-84E2-4F79-B41A-F5495B21F171}.Debug|Any CPU.ActiveCfg = Release|Any CPU
		{A3F295E4-84E2-4F79-B41A-F5495B21F171}.Debug|Any CPU.Build.0 = Release|Any CPU
		{A3F295E4-84E2-4F79-B41A-F5495B21F171}.Release|Any CPU.ActiveCfg = Release|Any CPU
		{A3F295E4-84E2-4F79-B41A-F5495B21F171}.Release|Any CPU.Build.0 = Release|Any CPU
		{FF11A1AC-4FB7-43D1-82A6-936A2CAC099F}.Debug|Any CPU.ActiveCfg = Release|Any CPU
		{FF11A1AC-4FB7-43D1-82A6-936A2CAC099F}.Debug|Any CPU.Build.0 = Release|Any CPU
		{FF11A1AC-4FB7-43D1-82A6-936A2CAC099F}.Release|Any CPU.ActiveCfg = Release|Any CPU
		{FF11A1AC-4FB7-43D1-82A6-936A2CAC099F}.Release|Any CPU.Build.0 = Release|Any CPU
		{30E8954A-4647-4C4B-963B-2D038CA698A6}.Debug|Any CPU.ActiveCfg = Release|Any CPU
		{30E8954A-4647-4C4B-963B-2D038CA698A6}.Debug|Any CPU.Build.0 = Release|Any CPU
		{30E8954A-4647-4C4B-963B-2D038CA698A6}.Release|Any CPU.ActiveCfg = Release|Any CPU
		{30E8954A-4647-4C4B-963B-2D038CA698A6}.Release|Any CPU.Build.0 = Release|Any CPU
		{D66D02CB-11C5-491A-8174-4B543753368D}.Debug|Any CPU.ActiveCfg = Release|Any CPU
		{D66D02CB-11C5-491A-8174-4B543753368D}.Debug|Any CPU.Build.0 = Release|Any CPU
		{D66D02CB-11C5-491A-8174-4B543753368D}.Release|Any CPU.ActiveCfg = Release|Any CPU
		{D66D02CB-11C5-491A-8174-4B543753368D}.Release|Any CPU.Build.0 = Release|Any CPU
		{700B48D0-52B9-4174-AC6B-B9BEEB3446A3}.Debug|Any CPU.ActiveCfg = Release|Any CPU
		{700B48D0-52B9-4174-AC6B-B9BEEB3446A3}.Debug|Any CPU.Build.0 = Release|Any CPU
		{700B48D0-52B9-4174-AC6B-B9BEEB3446A3}.Release|Any CPU.ActiveCfg = Release|Any CPU
		{700B48D0-52B9-4174-AC6B-B9BEEB3446A3}.Release|Any CPU.Build.0 = Release|Any CPU
		{E690DC2F-AF20-4224-BD74-0128C679AA9F}.Debug|Any CPU.ActiveCfg = Release|Any CPU
		{E690DC2F-AF20-4224-BD74-0128C679AA9F}.Debug|Any CPU.Build.0 = Release|Any CPU
		{E690DC2F-AF20-4224-BD74-0128C679AA9F}.Release|Any CPU.ActiveCfg = Release|Any CPU
		{E690DC2F-AF20-4224-BD74-0128C679AA9F}.Release|Any CPU.Build.0 = Release|Any CPU
		{FD9D123B-AE16-4E51-B582-58E9383B1003}.Debug|Any CPU.ActiveCfg = Release|Any CPU
		{FD9D123B-AE16-4E51-B582-58E9383B1003}.Debug|Any CPU.Build.0 = Release|Any CPU
		{FD9D123B-AE16-4E51-B582-58E9383B1003}.Release|Any CPU.ActiveCfg = Release|Any CPU
		{FD9D123B-AE16-4E51-B582-58E9383B1003}.Release|Any CPU.Build.0 = Release|Any CPU
		{CD9F7B8A-2319-4CB3-9F19-BE3ADBD04C58}.Debug|Any CPU.ActiveCfg = Release|Any CPU
		{CD9F7B8A-2319-4CB3-9F19-BE3ADBD04C58}.Debug|Any CPU.Build.0 = Release|Any CPU
		{CD9F7B8A-2319-4CB3-9F19-BE3ADBD04C58}.Release|Any CPU.ActiveCfg = Release|Any CPU
		{CD9F7B8A-2319-4CB3-9F19-BE3ADBD04C58}.Release|Any CPU.Build.0 = Release|Any CPU
	EndGlobalSection
	GlobalSection(SolutionProperties) = preSolution
		HideSolutionNode = FALSE
	EndGlobalSection
	GlobalSection(NestedProjects) = preSolution
		{034A6927-7F94-409A-B44C-6E6836BE1DB3} = {E76FB542-CC39-41B2-9C68-39B986842DA4}
		{6DABE602-0712-4840-AA21-28FB2DC00891} = {E76FB542-CC39-41B2-9C68-39B986842DA4}
		{67642C18-5535-4EC2-9E53-19C737B1D70B} = {12243D6E-3A04-4EB5-B279-BC0F2CDCC431}
		{9430A624-9932-4C37-9170-757EA12D50FF} = {12243D6E-3A04-4EB5-B279-BC0F2CDCC431}
		{D8A9BA5A-C1E1-4AC9-A84E-9ABE72417590} = {12243D6E-3A04-4EB5-B279-BC0F2CDCC431}
		{A3F295E4-84E2-4F79-B41A-F5495B21F171} = {67642C18-5535-4EC2-9E53-19C737B1D70B}
		{FF11A1AC-4FB7-43D1-82A6-936A2CAC099F} = {67642C18-5535-4EC2-9E53-19C737B1D70B}
		{30E8954A-4647-4C4B-963B-2D038CA698A6} = {667908B2-257B-4245-9B2A-CA627EEB16B0}
		{9BF1B103-9A9B-4DB1-8DFC-3D9452F11AB3} = {667908B2-257B-4245-9B2A-CA627EEB16B0}
		{D66D02CB-11C5-491A-8174-4B543753368D} = {9BF1B103-9A9B-4DB1-8DFC-3D9452F11AB3}
		{700B48D0-52B9-4174-AC6B-B9BEEB3446A3} = {9BF1B103-9A9B-4DB1-8DFC-3D9452F11AB3}
		{E690DC2F-AF20-4224-BD74-0128C679AA9F} = {A29DAE78-7D61-43ED-A16C-77E79F28E42B}
		{FD9D123B-AE16-4E51-B582-58E9383B1003} = {A29DAE78-7D61-43ED-A16C-77E79F28E42B}
		{A29DAE78-7D61-43ED-A16C-77E79F28E42B} = {667908B2-257B-4245-9B2A-CA627EEB16B0}
		{CD9F7B8A-2319-4CB3-9F19-BE3ADBD04C58} = {25B61455-3B41-4810-8055-622B2138B06F}
	EndGlobalSection
	GlobalSection(ExtensibilityGlobals) = postSolution
		SolutionGuid = {AE4FC7B8-EF73-4AA1-8840-22B7310CE868}
	EndGlobalSection
EndGlobal
