
Microsoft Visual Studio Solution File, Format Version 12.00
# Visual Studio Version 17
VisualStudioVersion = 17.2.32616.157
MinimumVisualStudioVersion = 10.0.40219.1
Project("{2150E333-8FDC-42A3-9474-1A3956D46DE8}") = "Open", "Open", "{77C70B84-7F0C-4B68-A201-AF182B4807C3}"
EndProject
Project("{9A19103F-16F7-4668-BE54-9A1E7A4F7556}") = "OSS.Core.Module.Portal.Domain", "OSS.Core.Module.Portal.Domain\OSS.Core.Module.Portal.Domain.csproj", "{1FB40281-AC9C-4099-8DBF-82AA8FC302EB}"
EndProject
Project("{9A19103F-16F7-4668-BE54-9A1E7A4F7556}") = "OSS.Core.Module.Portal.Service", "OSS.Core.Module.Portal.Service\OSS.Core.Module.Portal.Service.csproj", "{45464D47-248C-4B49-B9C1-122723896A09}"
EndProject
Project("{9A19103F-16F7-4668-BE54-9A1E7A4F7556}") = "OSS.Core.Module.Portal.Repository", "OSS.Core.Module.Portal.Repository\OSS.Core.Module.Portal.Repository.csproj", "{8F0A5368-0067-40B7-983F-1F7F8FBF0373}"
EndProject
Project("{9A19103F-16F7-4668-BE54-9A1E7A4F7556}") = "OSS.Core.Module.Portal.WebApi", "OSS.Core.Module.Portal.WebApi\OSS.Core.Module.Portal.WebApi.csproj", "{F08F537F-AF1B-488F-9298-708F155EAA24}"
EndProject
Project("{2150E333-8FDC-42A3-9474-1A3956D46DE8}") = "Clients", "Clients", "{170D35EB-16C9-4BBF-AEF2-C7BACC631905}"
EndProject
Project("{9A19103F-16F7-4668-BE54-9A1E7A4F7556}") = "OSS.Core.Module.Portal.Domain.Open", "Open\OSS.Core.Module.Portal.Domain.Open\OSS.Core.Module.Portal.Domain.Open.csproj", "{8A81FAF8-32D0-4B85-B844-02225A3F36DC}"
EndProject
Project("{9A19103F-16F7-4668-BE54-9A1E7A4F7556}") = "OSS.Core.Module.Portal.Service.Open", "Open\OSS.Core.Module.Portal.Service.Open\OSS.Core.Module.Portal.Service.Open.csproj", "{A9545B59-2FB4-460D-90CF-06678D6E72B1}"
EndProject
Project("{9A19103F-16F7-4668-BE54-9A1E7A4F7556}") = "OSS.Core.Module.Portal.Client.Http", "Open\OSS.Core.Module.Portal.Client.Http\OSS.Core.Module.Portal.Client.Http.csproj", "{75F5A3B9-4CA1-4A87-8553-8AE2F993E1C0}"
EndProject
Project("{2150E333-8FDC-42A3-9474-1A3956D46DE8}") = "Notify", "Notify", "{1848B66A-41D8-4CE9-AC4E-62A30CB95D64}"
EndProject
Project("{9A19103F-16F7-4668-BE54-9A1E7A4F7556}") = "OSS.Core.Module.Notify.Domain.Open", "..\Notify\Open\OSS.Core.Module.Notify.Domain.Open\OSS.Core.Module.Notify.Domain.Open.csproj", "{877B75EF-7DA5-4201-B675-06B60E2789E5}"
EndProject
Project("{9A19103F-16F7-4668-BE54-9A1E7A4F7556}") = "OSS.Core.Module.Notify.Service.Open", "..\Notify\Open\OSS.Core.Module.Notify.Service.Open\OSS.Core.Module.Notify.Service.Open.csproj", "{0402927D-BB90-4695-9346-0BFD09281356}"
EndProject
Project("{9A19103F-16F7-4668-BE54-9A1E7A4F7556}") = "OSS.Core.Module.Notify.Client.Http", "..\Notify\Open\OSS.Core.Module.Notify.Client.Http\OSS.Core.Module.Notify.Client.Http.csproj", "{2CB60D0F-BBE0-4302-91AE-F28D8F593D84}"
EndProject
Global
	GlobalSection(SolutionConfigurationPlatforms) = preSolution
		Debug|Any CPU = Debug|Any CPU
		Release|Any CPU = Release|Any CPU
	EndGlobalSection
	GlobalSection(ProjectConfigurationPlatforms) = postSolution
		{1FB40281-AC9C-4099-8DBF-82AA8FC302EB}.Debug|Any CPU.ActiveCfg = Debug|Any CPU
		{1FB40281-AC9C-4099-8DBF-82AA8FC302EB}.Debug|Any CPU.Build.0 = Debug|Any CPU
		{1FB40281-AC9C-4099-8DBF-82AA8FC302EB}.Release|Any CPU.ActiveCfg = Release|Any CPU
		{1FB40281-AC9C-4099-8DBF-82AA8FC302EB}.Release|Any CPU.Build.0 = Release|Any CPU
		{45464D47-248C-4B49-B9C1-122723896A09}.Debug|Any CPU.ActiveCfg = Debug|Any CPU
		{45464D47-248C-4B49-B9C1-122723896A09}.Debug|Any CPU.Build.0 = Debug|Any CPU
		{45464D47-248C-4B49-B9C1-122723896A09}.Release|Any CPU.ActiveCfg = Release|Any CPU
		{45464D47-248C-4B49-B9C1-122723896A09}.Release|Any CPU.Build.0 = Release|Any CPU
		{8F0A5368-0067-40B7-983F-1F7F8FBF0373}.Debug|Any CPU.ActiveCfg = Debug|Any CPU
		{8F0A5368-0067-40B7-983F-1F7F8FBF0373}.Debug|Any CPU.Build.0 = Debug|Any CPU
		{8F0A5368-0067-40B7-983F-1F7F8FBF0373}.Release|Any CPU.ActiveCfg = Release|Any CPU
		{8F0A5368-0067-40B7-983F-1F7F8FBF0373}.Release|Any CPU.Build.0 = Release|Any CPU
		{F08F537F-AF1B-488F-9298-708F155EAA24}.Debug|Any CPU.ActiveCfg = Debug|Any CPU
		{F08F537F-AF1B-488F-9298-708F155EAA24}.Debug|Any CPU.Build.0 = Debug|Any CPU
		{F08F537F-AF1B-488F-9298-708F155EAA24}.Release|Any CPU.ActiveCfg = Release|Any CPU
		{F08F537F-AF1B-488F-9298-708F155EAA24}.Release|Any CPU.Build.0 = Release|Any CPU
		{8A81FAF8-32D0-4B85-B844-02225A3F36DC}.Debug|Any CPU.ActiveCfg = Debug|Any CPU
		{8A81FAF8-32D0-4B85-B844-02225A3F36DC}.Debug|Any CPU.Build.0 = Debug|Any CPU
		{8A81FAF8-32D0-4B85-B844-02225A3F36DC}.Release|Any CPU.ActiveCfg = Release|Any CPU
		{8A81FAF8-32D0-4B85-B844-02225A3F36DC}.Release|Any CPU.Build.0 = Release|Any CPU
		{A9545B59-2FB4-460D-90CF-06678D6E72B1}.Debug|Any CPU.ActiveCfg = Debug|Any CPU
		{A9545B59-2FB4-460D-90CF-06678D6E72B1}.Debug|Any CPU.Build.0 = Debug|Any CPU
		{A9545B59-2FB4-460D-90CF-06678D6E72B1}.Release|Any CPU.ActiveCfg = Release|Any CPU
		{A9545B59-2FB4-460D-90CF-06678D6E72B1}.Release|Any CPU.Build.0 = Release|Any CPU
		{75F5A3B9-4CA1-4A87-8553-8AE2F993E1C0}.Debug|Any CPU.ActiveCfg = Debug|Any CPU
		{75F5A3B9-4CA1-4A87-8553-8AE2F993E1C0}.Debug|Any CPU.Build.0 = Debug|Any CPU
		{75F5A3B9-4CA1-4A87-8553-8AE2F993E1C0}.Release|Any CPU.ActiveCfg = Release|Any CPU
		{75F5A3B9-4CA1-4A87-8553-8AE2F993E1C0}.Release|Any CPU.Build.0 = Release|Any CPU
		{877B75EF-7DA5-4201-B675-06B60E2789E5}.Debug|Any CPU.ActiveCfg = Debug|Any CPU
		{877B75EF-7DA5-4201-B675-06B60E2789E5}.Debug|Any CPU.Build.0 = Debug|Any CPU
		{877B75EF-7DA5-4201-B675-06B60E2789E5}.Release|Any CPU.ActiveCfg = Release|Any CPU
		{877B75EF-7DA5-4201-B675-06B60E2789E5}.Release|Any CPU.Build.0 = Release|Any CPU
		{0402927D-BB90-4695-9346-0BFD09281356}.Debug|Any CPU.ActiveCfg = Debug|Any CPU
		{0402927D-BB90-4695-9346-0BFD09281356}.Debug|Any CPU.Build.0 = Debug|Any CPU
		{0402927D-BB90-4695-9346-0BFD09281356}.Release|Any CPU.ActiveCfg = Release|Any CPU
		{0402927D-BB90-4695-9346-0BFD09281356}.Release|Any CPU.Build.0 = Release|Any CPU
		{2CB60D0F-BBE0-4302-91AE-F28D8F593D84}.Debug|Any CPU.ActiveCfg = Debug|Any CPU
		{2CB60D0F-BBE0-4302-91AE-F28D8F593D84}.Debug|Any CPU.Build.0 = Debug|Any CPU
		{2CB60D0F-BBE0-4302-91AE-F28D8F593D84}.Release|Any CPU.ActiveCfg = Release|Any CPU
		{2CB60D0F-BBE0-4302-91AE-F28D8F593D84}.Release|Any CPU.Build.0 = Release|Any CPU
	EndGlobalSection
	GlobalSection(SolutionProperties) = preSolution
		HideSolutionNode = FALSE
	EndGlobalSection
	GlobalSection(NestedProjects) = preSolution
		{8A81FAF8-32D0-4B85-B844-02225A3F36DC} = {77C70B84-7F0C-4B68-A201-AF182B4807C3}
		{A9545B59-2FB4-460D-90CF-06678D6E72B1} = {77C70B84-7F0C-4B68-A201-AF182B4807C3}
		{75F5A3B9-4CA1-4A87-8553-8AE2F993E1C0} = {77C70B84-7F0C-4B68-A201-AF182B4807C3}
		{1848B66A-41D8-4CE9-AC4E-62A30CB95D64} = {170D35EB-16C9-4BBF-AEF2-C7BACC631905}
		{877B75EF-7DA5-4201-B675-06B60E2789E5} = {1848B66A-41D8-4CE9-AC4E-62A30CB95D64}
		{0402927D-BB90-4695-9346-0BFD09281356} = {1848B66A-41D8-4CE9-AC4E-62A30CB95D64}
		{2CB60D0F-BBE0-4302-91AE-F28D8F593D84} = {1848B66A-41D8-4CE9-AC4E-62A30CB95D64}
	EndGlobalSection
	GlobalSection(ExtensibilityGlobals) = postSolution
		SolutionGuid = {CF423255-C186-4878-8B25-0165021C19A1}
	EndGlobalSection
EndGlobal
