
Microsoft Visual Studio Solution File, Format Version 12.00
# Visual Studio Version 17
VisualStudioVersion = 17.2.32616.157
MinimumVisualStudioVersion = 10.0.40219.1
Project("{2150E333-8FDC-42A3-9474-1A3956D46DE8}") = "Open", "Open", "{77C70B84-7F0C-4B68-A201-AF182B4807C3}"
EndProject
Project("{9A19103F-16F7-4668-BE54-9A1E7A4F7556}") = "OSS.Core.Module.Article.Domain.Open", "Open\OSS.Core.Module.Article.Domain.Open\OSS.Core.Module.Article.Domain.Open.csproj", "{5E9811D8-DDC5-4B47-A582-10DAEFE079B1}"
EndProject
Project("{9A19103F-16F7-4668-BE54-9A1E7A4F7556}") = "OSS.Core.Module.Article.Service.Open", "Open\OSS.Core.Module.Article.Service.Open\OSS.Core.Module.Article.Service.Open.csproj", "{1C36C2DB-7CCD-4C83-AECE-66740D82F6D0}"
EndProject
Project("{9A19103F-16F7-4668-BE54-9A1E7A4F7556}") = "OSS.Core.Module.Article.Client.Http", "Open\OSS.Core.Module.Article.Client.Http\OSS.Core.Module.Article.Client.Http.csproj", "{5D3ED8B7-EF6D-48B2-A11B-E24F417FC039}"
EndProject
Project("{9A19103F-16F7-4668-BE54-9A1E7A4F7556}") = "OSS.Core.Module.Article.Domain", "OSS.Core.Module.Article.Domain\OSS.Core.Module.Article.Domain.csproj", "{475C0CA9-B406-4626-95D1-D5B77501E8E5}"
EndProject
Project("{9A19103F-16F7-4668-BE54-9A1E7A4F7556}") = "OSS.Core.Module.Article.Service", "OSS.Core.Module.Article.Service\OSS.Core.Module.Article.Service.csproj", "{1BE5C34E-37DB-4F6B-847D-A6DD9BD647CD}"
EndProject
Project("{9A19103F-16F7-4668-BE54-9A1E7A4F7556}") = "OSS.Core.Module.Article.WebApi", "OSS.Core.Module.Article.WebApi\OSS.Core.Module.Article.WebApi.csproj", "{293120AC-6E15-4EC1-B8C8-E32F9535FF32}"
EndProject
Project("{2150E333-8FDC-42A3-9474-1A3956D46DE8}") = "Clients", "Clients", "{E7B97EF2-0BDF-4DF9-B39C-AA7FEE0D771E}"
EndProject
Project("{2150E333-8FDC-42A3-9474-1A3956D46DE8}") = "Portal", "Portal", "{3038FC68-1238-45B3-A87A-FD634DF0A2F3}"
EndProject
Project("{9A19103F-16F7-4668-BE54-9A1E7A4F7556}") = "OSS.Core.Module.Portal.Domain.Open", "..\Portal\Open\OSS.Core.Module.Portal.Domain.Open\OSS.Core.Module.Portal.Domain.Open.csproj", "{C7CBEC2E-38C1-4C69-9ACA-17FBF4087106}"
EndProject
Project("{9A19103F-16F7-4668-BE54-9A1E7A4F7556}") = "OSS.Core.Module.Portal.Service.Open", "..\Portal\Open\OSS.Core.Module.Portal.Service.Open\OSS.Core.Module.Portal.Service.Open.csproj", "{2FF21BC3-C6BE-49F9-87FC-EBE72C2EDF5F}"
EndProject
Project("{9A19103F-16F7-4668-BE54-9A1E7A4F7556}") = "OSS.Core.Module.Portal.Client.Http", "..\Portal\Open\OSS.Core.Module.Portal.Client.Http\OSS.Core.Module.Portal.Client.Http.csproj", "{3B9AACB9-3464-40D2-9C30-7D8232BBE9D5}"
EndProject
Global
	GlobalSection(SolutionConfigurationPlatforms) = preSolution
		Debug|Any CPU = Debug|Any CPU
		Release|Any CPU = Release|Any CPU
	EndGlobalSection
	GlobalSection(ProjectConfigurationPlatforms) = postSolution
		{5E9811D8-DDC5-4B47-A582-10DAEFE079B1}.Debug|Any CPU.ActiveCfg = Debug|Any CPU
		{5E9811D8-DDC5-4B47-A582-10DAEFE079B1}.Debug|Any CPU.Build.0 = Debug|Any CPU
		{5E9811D8-DDC5-4B47-A582-10DAEFE079B1}.Release|Any CPU.ActiveCfg = Release|Any CPU
		{5E9811D8-DDC5-4B47-A582-10DAEFE079B1}.Release|Any CPU.Build.0 = Release|Any CPU
		{1C36C2DB-7CCD-4C83-AECE-66740D82F6D0}.Debug|Any CPU.ActiveCfg = Debug|Any CPU
		{1C36C2DB-7CCD-4C83-AECE-66740D82F6D0}.Debug|Any CPU.Build.0 = Debug|Any CPU
		{1C36C2DB-7CCD-4C83-AECE-66740D82F6D0}.Release|Any CPU.ActiveCfg = Release|Any CPU
		{1C36C2DB-7CCD-4C83-AECE-66740D82F6D0}.Release|Any CPU.Build.0 = Release|Any CPU
		{5D3ED8B7-EF6D-48B2-A11B-E24F417FC039}.Debug|Any CPU.ActiveCfg = Debug|Any CPU
		{5D3ED8B7-EF6D-48B2-A11B-E24F417FC039}.Debug|Any CPU.Build.0 = Debug|Any CPU
		{5D3ED8B7-EF6D-48B2-A11B-E24F417FC039}.Release|Any CPU.ActiveCfg = Release|Any CPU
		{5D3ED8B7-EF6D-48B2-A11B-E24F417FC039}.Release|Any CPU.Build.0 = Release|Any CPU
		{475C0CA9-B406-4626-95D1-D5B77501E8E5}.Debug|Any CPU.ActiveCfg = Debug|Any CPU
		{475C0CA9-B406-4626-95D1-D5B77501E8E5}.Debug|Any CPU.Build.0 = Debug|Any CPU
		{475C0CA9-B406-4626-95D1-D5B77501E8E5}.Release|Any CPU.ActiveCfg = Release|Any CPU
		{475C0CA9-B406-4626-95D1-D5B77501E8E5}.Release|Any CPU.Build.0 = Release|Any CPU
		{1BE5C34E-37DB-4F6B-847D-A6DD9BD647CD}.Debug|Any CPU.ActiveCfg = Debug|Any CPU
		{1BE5C34E-37DB-4F6B-847D-A6DD9BD647CD}.Debug|Any CPU.Build.0 = Debug|Any CPU
		{1BE5C34E-37DB-4F6B-847D-A6DD9BD647CD}.Release|Any CPU.ActiveCfg = Release|Any CPU
		{1BE5C34E-37DB-4F6B-847D-A6DD9BD647CD}.Release|Any CPU.Build.0 = Release|Any CPU
		{293120AC-6E15-4EC1-B8C8-E32F9535FF32}.Debug|Any CPU.ActiveCfg = Debug|Any CPU
		{293120AC-6E15-4EC1-B8C8-E32F9535FF32}.Debug|Any CPU.Build.0 = Debug|Any CPU
		{293120AC-6E15-4EC1-B8C8-E32F9535FF32}.Release|Any CPU.ActiveCfg = Release|Any CPU
		{293120AC-6E15-4EC1-B8C8-E32F9535FF32}.Release|Any CPU.Build.0 = Release|Any CPU
		{C7CBEC2E-38C1-4C69-9ACA-17FBF4087106}.Debug|Any CPU.ActiveCfg = Debug|Any CPU
		{C7CBEC2E-38C1-4C69-9ACA-17FBF4087106}.Debug|Any CPU.Build.0 = Debug|Any CPU
		{C7CBEC2E-38C1-4C69-9ACA-17FBF4087106}.Release|Any CPU.ActiveCfg = Release|Any CPU
		{C7CBEC2E-38C1-4C69-9ACA-17FBF4087106}.Release|Any CPU.Build.0 = Release|Any CPU
		{2FF21BC3-C6BE-49F9-87FC-EBE72C2EDF5F}.Debug|Any CPU.ActiveCfg = Debug|Any CPU
		{2FF21BC3-C6BE-49F9-87FC-EBE72C2EDF5F}.Debug|Any CPU.Build.0 = Debug|Any CPU
		{2FF21BC3-C6BE-49F9-87FC-EBE72C2EDF5F}.Release|Any CPU.ActiveCfg = Release|Any CPU
		{2FF21BC3-C6BE-49F9-87FC-EBE72C2EDF5F}.Release|Any CPU.Build.0 = Release|Any CPU
		{3B9AACB9-3464-40D2-9C30-7D8232BBE9D5}.Debug|Any CPU.ActiveCfg = Debug|Any CPU
		{3B9AACB9-3464-40D2-9C30-7D8232BBE9D5}.Debug|Any CPU.Build.0 = Debug|Any CPU
		{3B9AACB9-3464-40D2-9C30-7D8232BBE9D5}.Release|Any CPU.ActiveCfg = Release|Any CPU
		{3B9AACB9-3464-40D2-9C30-7D8232BBE9D5}.Release|Any CPU.Build.0 = Release|Any CPU
	EndGlobalSection
	GlobalSection(SolutionProperties) = preSolution
		HideSolutionNode = FALSE
	EndGlobalSection
	GlobalSection(NestedProjects) = preSolution
		{5E9811D8-DDC5-4B47-A582-10DAEFE079B1} = {77C70B84-7F0C-4B68-A201-AF182B4807C3}
		{1C36C2DB-7CCD-4C83-AECE-66740D82F6D0} = {77C70B84-7F0C-4B68-A201-AF182B4807C3}
		{5D3ED8B7-EF6D-48B2-A11B-E24F417FC039} = {77C70B84-7F0C-4B68-A201-AF182B4807C3}
		{3038FC68-1238-45B3-A87A-FD634DF0A2F3} = {E7B97EF2-0BDF-4DF9-B39C-AA7FEE0D771E}
		{C7CBEC2E-38C1-4C69-9ACA-17FBF4087106} = {3038FC68-1238-45B3-A87A-FD634DF0A2F3}
		{2FF21BC3-C6BE-49F9-87FC-EBE72C2EDF5F} = {3038FC68-1238-45B3-A87A-FD634DF0A2F3}
		{3B9AACB9-3464-40D2-9C30-7D8232BBE9D5} = {3038FC68-1238-45B3-A87A-FD634DF0A2F3}
	EndGlobalSection
	GlobalSection(ExtensibilityGlobals) = postSolution
		SolutionGuid = {E991EB21-D1C2-4E73-BC5F-A427FBBDC24C}
	EndGlobalSection
EndGlobal
