
Microsoft Visual Studio Solution File, Format Version 12.00
# Visual Studio Version 17
VisualStudioVersion = 17.2.32616.157
MinimumVisualStudioVersion = 10.0.40219.1
Project("{2150E333-8FDC-42A3-9474-1A3956D46DE8}") = "Opened", "Opened", "{77C70B84-7F0C-4B68-A201-AF182B4807C3}"
EndProject
Project("{9A19103F-16F7-4668-BE54-9A1E7A4F7556}") = "OSS.Core.Module.WorkFlow.Domain.Opened", "OSS.Core.Module.WorkFlow.Domain.Opened\OSS.Core.Module.WorkFlow.Domain.Opened.csproj", "{31C4D646-CFB9-4D8A-A4F2-8786E45B5723}"
EndProject
Project("{9A19103F-16F7-4668-BE54-9A1E7A4F7556}") = "OSS.Core.Module.WorkFlow.Service.Opened", "OSS.Core.Module.WorkFlow.Service.Opened\OSS.Core.Module.WorkFlow.Service.Opened.csproj", "{9C27F876-B43F-4233-A693-0C1F9DC1DF2A}"
EndProject
Project("{9A19103F-16F7-4668-BE54-9A1E7A4F7556}") = "OSS.Core.Module.WorkFlow.Domain", "OSS.Core.Module.WorkFlow.Domain\OSS.Core.Module.WorkFlow.Domain.csproj", "{865B73D7-123E-41C9-86D5-6386753F924C}"
EndProject
Project("{9A19103F-16F7-4668-BE54-9A1E7A4F7556}") = "OSS.Core.Module.WorkFlow.Service", "OSS.Core.Module.WorkFlow.Service\OSS.Core.Module.WorkFlow.Service.csproj", "{91D0F8AB-E5D0-41E8-8C40-2D270B12878F}"
EndProject
Project("{9A19103F-16F7-4668-BE54-9A1E7A4F7556}") = "OSS.Core.Module.WorkFlow.WebApi", "OSS.Core.Module.WorkFlow.WebApi\OSS.Core.Module.WorkFlow.WebApi.csproj", "{A0D11BA9-C5C1-44A5-8EB1-038A0DAA6423}"
EndProject
Global
	GlobalSection(SolutionConfigurationPlatforms) = preSolution
		Debug|Any CPU = Debug|Any CPU
		Release|Any CPU = Release|Any CPU
	EndGlobalSection
	GlobalSection(ProjectConfigurationPlatforms) = postSolution
		{31C4D646-CFB9-4D8A-A4F2-8786E45B5723}.Debug|Any CPU.ActiveCfg = Debug|Any CPU
		{31C4D646-CFB9-4D8A-A4F2-8786E45B5723}.Debug|Any CPU.Build.0 = Debug|Any CPU
		{31C4D646-CFB9-4D8A-A4F2-8786E45B5723}.Release|Any CPU.ActiveCfg = Release|Any CPU
		{31C4D646-CFB9-4D8A-A4F2-8786E45B5723}.Release|Any CPU.Build.0 = Release|Any CPU
		{9C27F876-B43F-4233-A693-0C1F9DC1DF2A}.Debug|Any CPU.ActiveCfg = Debug|Any CPU
		{9C27F876-B43F-4233-A693-0C1F9DC1DF2A}.Debug|Any CPU.Build.0 = Debug|Any CPU
		{9C27F876-B43F-4233-A693-0C1F9DC1DF2A}.Release|Any CPU.ActiveCfg = Release|Any CPU
		{9C27F876-B43F-4233-A693-0C1F9DC1DF2A}.Release|Any CPU.Build.0 = Release|Any CPU
		{865B73D7-123E-41C9-86D5-6386753F924C}.Debug|Any CPU.ActiveCfg = Debug|Any CPU
		{865B73D7-123E-41C9-86D5-6386753F924C}.Debug|Any CPU.Build.0 = Debug|Any CPU
		{865B73D7-123E-41C9-86D5-6386753F924C}.Release|Any CPU.ActiveCfg = Release|Any CPU
		{865B73D7-123E-41C9-86D5-6386753F924C}.Release|Any CPU.Build.0 = Release|Any CPU
		{91D0F8AB-E5D0-41E8-8C40-2D270B12878F}.Debug|Any CPU.ActiveCfg = Debug|Any CPU
		{91D0F8AB-E5D0-41E8-8C40-2D270B12878F}.Debug|Any CPU.Build.0 = Debug|Any CPU
		{91D0F8AB-E5D0-41E8-8C40-2D270B12878F}.Release|Any CPU.ActiveCfg = Release|Any CPU
		{91D0F8AB-E5D0-41E8-8C40-2D270B12878F}.Release|Any CPU.Build.0 = Release|Any CPU
		{A0D11BA9-C5C1-44A5-8EB1-038A0DAA6423}.Debug|Any CPU.ActiveCfg = Debug|Any CPU
		{A0D11BA9-C5C1-44A5-8EB1-038A0DAA6423}.Debug|Any CPU.Build.0 = Debug|Any CPU
		{A0D11BA9-C5C1-44A5-8EB1-038A0DAA6423}.Release|Any CPU.ActiveCfg = Release|Any CPU
		{A0D11BA9-C5C1-44A5-8EB1-038A0DAA6423}.Release|Any CPU.Build.0 = Release|Any CPU
	EndGlobalSection
	GlobalSection(SolutionProperties) = preSolution
		HideSolutionNode = FALSE
	EndGlobalSection
	GlobalSection(NestedProjects) = preSolution
		{31C4D646-CFB9-4D8A-A4F2-8786E45B5723} = {77C70B84-7F0C-4B68-A201-AF182B4807C3}
		{9C27F876-B43F-4233-A693-0C1F9DC1DF2A} = {77C70B84-7F0C-4B68-A201-AF182B4807C3}
	EndGlobalSection
	GlobalSection(ExtensibilityGlobals) = postSolution
		SolutionGuid = {23564FCB-40BE-4989-A84E-E012BFA5548C}
	EndGlobalSection
EndGlobal
