
Microsoft Visual Studio Solution File, Format Version 12.00
# Visual Studio Version 17
VisualStudioVersion = 17.2.32616.157
MinimumVisualStudioVersion = 10.0.40219.1
Project("{9A19103F-16F7-4668-BE54-9A1E7A4F7556}") = "OSSCore", "OSSCore\OSSCore.csproj", "{FF74CB96-C6C4-4181-A2C4-0F83C6F227DC}"
EndProject
Global
	GlobalSection(SolutionConfigurationPlatforms) = preSolution
		Debug|Any CPU = Debug|Any CPU
		Release|Any CPU = Release|Any CPU
	EndGlobalSection
	GlobalSection(ProjectConfigurationPlatforms) = postSolution
		{FF74CB96-C6C4-4181-A2C4-0F83C6F227DC}.Debug|Any CPU.ActiveCfg = Debug|Any CPU
		{FF74CB96-C6C4-4181-A2C4-0F83C6F227DC}.Debug|Any CPU.Build.0 = Debug|Any CPU
		{FF74CB96-C6C4-4181-A2C4-0F83C6F227DC}.Release|Any CPU.ActiveCfg = Release|Any CPU
		{FF74CB96-C6C4-4181-A2C4-0F83C6F227DC}.Release|Any CPU.Build.0 = Release|Any CPU
	EndGlobalSection
	GlobalSection(SolutionProperties) = preSolution
		HideSolutionNode = FALSE
	EndGlobalSection
	GlobalSection(ExtensibilityGlobals) = postSolution
		SolutionGuid = {52A897E5-94DC-457C-A4B3-F62BCDAE4AC0}
	EndGlobalSection
EndGlobal
